
Microsoft Visual Studio Solution File, Format Version 12.00
# Visual Studio Version 16
VisualStudioVersion = 16.0.30104.148
MinimumVisualStudioVersion = 10.0.40219.1
Project("{8BC9CEB8-8B4A-11D0-8D11-00A0C91BC942}") = "Day006", "Day006\Day006.vcxproj", "{7E9E68D7-948F-40B2-9446-DE0F0AA9A73A}"
EndProject
Project("{8BC9CEB8-8B4A-11D0-8D11-00A0C91BC942}") = "Struct_1", "Struct_1\Struct_1.vcxproj", "{9BCC5DEA-881C-49D4-8F0B-A809A08D32E5}"
EndProject
Project("{8BC9CEB8-8B4A-11D0-8D11-00A0C91BC942}") = "Struct_2", "Struct_2\Struct_2.vcxproj", "{867DD1DA-34B6-421F-806F-F82D29012174}"
EndProject
Project("{8BC9CEB8-8B4A-11D0-8D11-00A0C91BC942}") = "Struct_3", "Struct_3\Struct_3.vcxproj", "{9080C457-CDE5-41D8-B736-81B83538E260}"
EndProject
Project("{8BC9CEB8-8B4A-11D0-8D11-00A0C91BC942}") = "Score", "Score\Score.vcxproj", "{10960195-0B03-4DF2-8E6A-96A406A3BEE6}"
EndProject
Project("{8BC9CEB8-8B4A-11D0-8D11-00A0C91BC942}") = "Struct_4", "Struct_4\Struct_4.vcxproj", "{4D3E562B-2480-4119-B180-67E2FFD16253}"
EndProject
Project("{8BC9CEB8-8B4A-11D0-8D11-00A0C91BC942}") = "Struct_5", "Struct_5\Struct_5.vcxproj", "{A31F2A74-0D88-4603-A765-C3665B84B49C}"
EndProject
Project("{8BC9CEB8-8B4A-11D0-8D11-00A0C91BC942}") = "Struct_6", "Struct_6\Struct_6.vcxproj", "{2ABAFC38-D455-401C-9AEB-81F6446F5DE6}"
EndProject
Project("{8BC9CEB8-8B4A-11D0-8D11-00A0C91BC942}") = "Banking System", "Banking System\Banking System.vcxproj", "{88DE8C1C-4C56-49F2-ADA1-1EFDFD6785C8}"
EndProject
Project("{8BC9CEB8-8B4A-11D0-8D11-00A0C91BC942}") = "Struct_7", "Struct_7\Struct_7.vcxproj", "{692E5EB6-2B3D-4491-ADFB-0CB98E8CD667}"
EndProject
Project("{8BC9CEB8-8B4A-11D0-8D11-00A0C91BC942}") = "Project1", "Project1\Project1.vcxproj", "{B10AC99C-E0F8-4825-AFBB-59A8CDDFF475}"
EndProject
Project("{8BC9CEB8-8B4A-11D0-8D11-00A0C91BC942}") = "Project2", "Project2\Project2.vcxproj", "{F561A8DA-07CD-46EE-9F05-CCFE68FCC2DB}"
EndProject
Project("{8BC9CEB8-8B4A-11D0-8D11-00A0C91BC942}") = "Project3", "Project3\Project3.vcxproj", "{136F460E-7263-4F3F-A8E6-47D1C50B8D30}"
EndProject
Project("{8BC9CEB8-8B4A-11D0-8D11-00A0C91BC942}") = "Project4", "Project4\Project4.vcxproj", "{D03C2413-6639-4F22-884E-09C616A40CA2}"
EndProject
Project("{8BC9CEB8-8B4A-11D0-8D11-00A0C91BC942}") = "Project5", "Project5\Project5.vcxproj", "{A0505CD0-3960-4B9B-8BE8-2959F553387A}"
EndProject
Project("{8BC9CEB8-8B4A-11D0-8D11-00A0C91BC942}") = "Project6", "Project6\Project6.vcxproj", "{E2F12F04-691F-4D39-A021-EBB1BDC87458}"
EndProject
Project("{8BC9CEB8-8B4A-11D0-8D11-00A0C91BC942}") = "Project7", "Project7\Project7.vcxproj", "{093ACA46-A9F9-472F-8B07-275A13F30DD4}"
EndProject
Project("{8BC9CEB8-8B4A-11D0-8D11-00A0C91BC942}") = "Project8", "Project8\Project8.vcxproj", "{ECABA1B8-2CCC-4C87-A43C-29BDE4C6D7D6}"
EndProject
Project("{8BC9CEB8-8B4A-11D0-8D11-00A0C91BC942}") = "Employee", "Employee\Employee.vcxproj", "{7AB0EB1D-4F57-4F42-BD6B-5F5DA4FFA0D2}"
EndProject
Project("{8BC9CEB8-8B4A-11D0-8D11-00A0C91BC942}") = "File_1", "File_1\File_1.vcxproj", "{CA39829F-3C08-4B32-91A2-F01A88D21B7A}"
EndProject
Project("{8BC9CEB8-8B4A-11D0-8D11-00A0C91BC942}") = "File_2", "File_2\File_2.vcxproj", "{F84576E2-D8FF-4528-954D-A18EF61A016A}"
EndProject
Project("{8BC9CEB8-8B4A-11D0-8D11-00A0C91BC942}") = "File_3", "File_3\File_3.vcxproj", "{FCC12A4D-79C9-491C-B5FC-3920E5346C30}"
EndProject
Project("{8BC9CEB8-8B4A-11D0-8D11-00A0C91BC942}") = "File_4", "File_4\File_4.vcxproj", "{CC883DD4-7257-449C-891B-8A93A807B5B3}"
EndProject
Project("{8BC9CEB8-8B4A-11D0-8D11-00A0C91BC942}") = "File_5", "File_5\File_5.vcxproj", "{AA097861-4FB9-40B7-8AE0-AD1D6563AC99}"
EndProject
Project("{8BC9CEB8-8B4A-11D0-8D11-00A0C91BC942}") = "File_6.c", "File_6.c\File_6.c.vcxproj", "{139C5F8D-BC63-485B-AD1E-F0191D110B6B}"
EndProject
Project("{8BC9CEB8-8B4A-11D0-8D11-00A0C91BC942}") = "Homework", "Homework\Homework.vcxproj", "{55F34AA0-3F8D-472B-BD18-29725149EB76}"
EndProject
Global
	GlobalSection(SolutionConfigurationPlatforms) = preSolution
		Debug|x64 = Debug|x64
		Debug|x86 = Debug|x86
		Release|x64 = Release|x64
		Release|x86 = Release|x86
	EndGlobalSection
	GlobalSection(ProjectConfigurationPlatforms) = postSolution
		{7E9E68D7-948F-40B2-9446-DE0F0AA9A73A}.Debug|x64.ActiveCfg = Debug|x64
		{7E9E68D7-948F-40B2-9446-DE0F0AA9A73A}.Debug|x64.Build.0 = Debug|x64
		{7E9E68D7-948F-40B2-9446-DE0F0AA9A73A}.Debug|x86.ActiveCfg = Debug|Win32
		{7E9E68D7-948F-40B2-9446-DE0F0AA9A73A}.Debug|x86.Build.0 = Debug|Win32
		{7E9E68D7-948F-40B2-9446-DE0F0AA9A73A}.Release|x64.ActiveCfg = Release|x64
		{7E9E68D7-948F-40B2-9446-DE0F0AA9A73A}.Release|x64.Build.0 = Release|x64
		{7E9E68D7-948F-40B2-9446-DE0F0AA9A73A}.Release|x86.ActiveCfg = Release|Win32
		{7E9E68D7-948F-40B2-9446-DE0F0AA9A73A}.Release|x86.Build.0 = Release|Win32
		{9BCC5DEA-881C-49D4-8F0B-A809A08D32E5}.Debug|x64.ActiveCfg = Debug|x64
		{9BCC5DEA-881C-49D4-8F0B-A809A08D32E5}.Debug|x64.Build.0 = Debug|x64
		{9BCC5DEA-881C-49D4-8F0B-A809A08D32E5}.Debug|x86.ActiveCfg = Debug|Win32
		{9BCC5DEA-881C-49D4-8F0B-A809A08D32E5}.Debug|x86.Build.0 = Debug|Win32
		{9BCC5DEA-881C-49D4-8F0B-A809A08D32E5}.Release|x64.ActiveCfg = Release|x64
		{9BCC5DEA-881C-49D4-8F0B-A809A08D32E5}.Release|x64.Build.0 = Release|x64
		{9BCC5DEA-881C-49D4-8F0B-A809A08D32E5}.Release|x86.ActiveCfg = Release|Win32
		{9BCC5DEA-881C-49D4-8F0B-A809A08D32E5}.Release|x86.Build.0 = Release|Win32
		{867DD1DA-34B6-421F-806F-F82D29012174}.Debug|x64.ActiveCfg = Debug|x64
		{867DD1DA-34B6-421F-806F-F82D29012174}.Debug|x64.Build.0 = Debug|x64
		{867DD1DA-34B6-421F-806F-F82D29012174}.Debug|x86.ActiveCfg = Debug|Win32
		{867DD1DA-34B6-421F-806F-F82D29012174}.Debug|x86.Build.0 = Debug|Win32
		{867DD1DA-34B6-421F-806F-F82D29012174}.Release|x64.ActiveCfg = Release|x64
		{867DD1DA-34B6-421F-806F-F82D29012174}.Release|x64.Build.0 = Release|x64
		{867DD1DA-34B6-421F-806F-F82D29012174}.Release|x86.ActiveCfg = Release|Win32
		{867DD1DA-34B6-421F-806F-F82D29012174}.Release|x86.Build.0 = Release|Win32
		{9080C457-CDE5-41D8-B736-81B83538E260}.Debug|x64.ActiveCfg = Debug|x64
		{9080C457-CDE5-41D8-B736-81B83538E260}.Debug|x64.Build.0 = Debug|x64
		{9080C457-CDE5-41D8-B736-81B83538E260}.Debug|x86.ActiveCfg = Debug|Win32
		{9080C457-CDE5-41D8-B736-81B83538E260}.Debug|x86.Build.0 = Debug|Win32
		{9080C457-CDE5-41D8-B736-81B83538E260}.Release|x64.ActiveCfg = Release|x64
		{9080C457-CDE5-41D8-B736-81B83538E260}.Release|x64.Build.0 = Release|x64
		{9080C457-CDE5-41D8-B736-81B83538E260}.Release|x86.ActiveCfg = Release|Win32
		{9080C457-CDE5-41D8-B736-81B83538E260}.Release|x86.Build.0 = Release|Win32
		{10960195-0B03-4DF2-8E6A-96A406A3BEE6}.Debug|x64.ActiveCfg = Debug|x64
		{10960195-0B03-4DF2-8E6A-96A406A3BEE6}.Debug|x64.Build.0 = Debug|x64
		{10960195-0B03-4DF2-8E6A-96A406A3BEE6}.Debug|x86.ActiveCfg = Debug|Win32
		{10960195-0B03-4DF2-8E6A-96A406A3BEE6}.Debug|x86.Build.0 = Debug|Win32
		{10960195-0B03-4DF2-8E6A-96A406A3BEE6}.Release|x64.ActiveCfg = Release|x64
		{10960195-0B03-4DF2-8E6A-96A406A3BEE6}.Release|x64.Build.0 = Release|x64
		{10960195-0B03-4DF2-8E6A-96A406A3BEE6}.Release|x86.ActiveCfg = Release|Win32
		{10960195-0B03-4DF2-8E6A-96A406A3BEE6}.Release|x86.Build.0 = Release|Win32
		{4D3E562B-2480-4119-B180-67E2FFD16253}.Debug|x64.ActiveCfg = Debug|x64
		{4D3E562B-2480-4119-B180-67E2FFD16253}.Debug|x64.Build.0 = Debug|x64
		{4D3E562B-2480-4119-B180-67E2FFD16253}.Debug|x86.ActiveCfg = Debug|Win32
		{4D3E562B-2480-4119-B180-67E2FFD16253}.Debug|x86.Build.0 = Debug|Win32
		{4D3E562B-2480-4119-B180-67E2FFD16253}.Release|x64.ActiveCfg = Release|x64
		{4D3E562B-2480-4119-B180-67E2FFD16253}.Release|x64.Build.0 = Release|x64
		{4D3E562B-2480-4119-B180-67E2FFD16253}.Release|x86.ActiveCfg = Release|Win32
		{4D3E562B-2480-4119-B180-67E2FFD16253}.Release|x86.Build.0 = Release|Win32
		{A31F2A74-0D88-4603-A765-C3665B84B49C}.Debug|x64.ActiveCfg = Debug|x64
		{A31F2A74-0D88-4603-A765-C3665B84B49C}.Debug|x64.Build.0 = Debug|x64
		{A31F2A74-0D88-4603-A765-C3665B84B49C}.Debug|x86.ActiveCfg = Debug|Win32
		{A31F2A74-0D88-4603-A765-C3665B84B49C}.Debug|x86.Build.0 = Debug|Win32
		{A31F2A74-0D88-4603-A765-C3665B84B49C}.Release|x64.ActiveCfg = Release|x64
		{A31F2A74-0D88-4603-A765-C3665B84B49C}.Release|x64.Build.0 = Release|x64
		{A31F2A74-0D88-4603-A765-C3665B84B49C}.Release|x86.ActiveCfg = Release|Win32
		{A31F2A74-0D88-4603-A765-C3665B84B49C}.Release|x86.Build.0 = Release|Win32
		{2ABAFC38-D455-401C-9AEB-81F6446F5DE6}.Debug|x64.ActiveCfg = Debug|x64
		{2ABAFC38-D455-401C-9AEB-81F6446F5DE6}.Debug|x64.Build.0 = Debug|x64
		{2ABAFC38-D455-401C-9AEB-81F6446F5DE6}.Debug|x86.ActiveCfg = Debug|Win32
		{2ABAFC38-D455-401C-9AEB-81F6446F5DE6}.Debug|x86.Build.0 = Debug|Win32
		{2ABAFC38-D455-401C-9AEB-81F6446F5DE6}.Release|x64.ActiveCfg = Release|x64
		{2ABAFC38-D455-401C-9AEB-81F6446F5DE6}.Release|x64.Build.0 = Release|x64
		{2ABAFC38-D455-401C-9AEB-81F6446F5DE6}.Release|x86.ActiveCfg = Release|Win32
		{2ABAFC38-D455-401C-9AEB-81F6446F5DE6}.Release|x86.Build.0 = Release|Win32
		{88DE8C1C-4C56-49F2-ADA1-1EFDFD6785C8}.Debug|x64.ActiveCfg = Debug|x64
		{88DE8C1C-4C56-49F2-ADA1-1EFDFD6785C8}.Debug|x64.Build.0 = Debug|x64
		{88DE8C1C-4C56-49F2-ADA1-1EFDFD6785C8}.Debug|x86.ActiveCfg = Debug|Win32
		{88DE8C1C-4C56-49F2-ADA1-1EFDFD6785C8}.Debug|x86.Build.0 = Debug|Win32
		{88DE8C1C-4C56-49F2-ADA1-1EFDFD6785C8}.Release|x64.ActiveCfg = Release|x64
		{88DE8C1C-4C56-49F2-ADA1-1EFDFD6785C8}.Release|x64.Build.0 = Release|x64
		{88DE8C1C-4C56-49F2-ADA1-1EFDFD6785C8}.Release|x86.ActiveCfg = Release|Win32
		{88DE8C1C-4C56-49F2-ADA1-1EFDFD6785C8}.Release|x86.Build.0 = Release|Win32
		{692E5EB6-2B3D-4491-ADFB-0CB98E8CD667}.Debug|x64.ActiveCfg = Debug|x64
		{692E5EB6-2B3D-4491-ADFB-0CB98E8CD667}.Debug|x64.Build.0 = Debug|x64
		{692E5EB6-2B3D-4491-ADFB-0CB98E8CD667}.Debug|x86.ActiveCfg = Debug|Win32
		{692E5EB6-2B3D-4491-ADFB-0CB98E8CD667}.Debug|x86.Build.0 = Debug|Win32
		{692E5EB6-2B3D-4491-ADFB-0CB98E8CD667}.Release|x64.ActiveCfg = Release|x64
		{692E5EB6-2B3D-4491-ADFB-0CB98E8CD667}.Release|x64.Build.0 = Release|x64
		{692E5EB6-2B3D-4491-ADFB-0CB98E8CD667}.Release|x86.ActiveCfg = Release|Win32
		{692E5EB6-2B3D-4491-ADFB-0CB98E8CD667}.Release|x86.Build.0 = Release|Win32
		{B10AC99C-E0F8-4825-AFBB-59A8CDDFF475}.Debug|x64.ActiveCfg = Debug|x64
		{B10AC99C-E0F8-4825-AFBB-59A8CDDFF475}.Debug|x64.Build.0 = Debug|x64
		{B10AC99C-E0F8-4825-AFBB-59A8CDDFF475}.Debug|x86.ActiveCfg = Debug|Win32
		{B10AC99C-E0F8-4825-AFBB-59A8CDDFF475}.Debug|x86.Build.0 = Debug|Win32
		{B10AC99C-E0F8-4825-AFBB-59A8CDDFF475}.Release|x64.ActiveCfg = Release|x64
		{B10AC99C-E0F8-4825-AFBB-59A8CDDFF475}.Release|x64.Build.0 = Release|x64
		{B10AC99C-E0F8-4825-AFBB-59A8CDDFF475}.Release|x86.ActiveCfg = Release|Win32
		{B10AC99C-E0F8-4825-AFBB-59A8CDDFF475}.Release|x86.Build.0 = Release|Win32
		{F561A8DA-07CD-46EE-9F05-CCFE68FCC2DB}.Debug|x64.ActiveCfg = Debug|x64
		{F561A8DA-07CD-46EE-9F05-CCFE68FCC2DB}.Debug|x64.Build.0 = Debug|x64
		{F561A8DA-07CD-46EE-9F05-CCFE68FCC2DB}.Debug|x86.ActiveCfg = Debug|Win32
		{F561A8DA-07CD-46EE-9F05-CCFE68FCC2DB}.Debug|x86.Build.0 = Debug|Win32
		{F561A8DA-07CD-46EE-9F05-CCFE68FCC2DB}.Release|x64.ActiveCfg = Release|x64
		{F561A8DA-07CD-46EE-9F05-CCFE68FCC2DB}.Release|x64.Build.0 = Release|x64
		{F561A8DA-07CD-46EE-9F05-CCFE68FCC2DB}.Release|x86.ActiveCfg = Release|Win32
		{F561A8DA-07CD-46EE-9F05-CCFE68FCC2DB}.Release|x86.Build.0 = Release|Win32
		{136F460E-7263-4F3F-A8E6-47D1C50B8D30}.Debug|x64.ActiveCfg = Debug|x64
		{136F460E-7263-4F3F-A8E6-47D1C50B8D30}.Debug|x64.Build.0 = Debug|x64
		{136F460E-7263-4F3F-A8E6-47D1C50B8D30}.Debug|x86.ActiveCfg = Debug|Win32
		{136F460E-7263-4F3F-A8E6-47D1C50B8D30}.Debug|x86.Build.0 = Debug|Win32
		{136F460E-7263-4F3F-A8E6-47D1C50B8D30}.Release|x64.ActiveCfg = Release|x64
		{136F460E-7263-4F3F-A8E6-47D1C50B8D30}.Release|x64.Build.0 = Release|x64
		{136F460E-7263-4F3F-A8E6-47D1C50B8D30}.Release|x86.ActiveCfg = Release|Win32
		{136F460E-7263-4F3F-A8E6-47D1C50B8D30}.Release|x86.Build.0 = Release|Win32
		{D03C2413-6639-4F22-884E-09C616A40CA2}.Debug|x64.ActiveCfg = Debug|x64
		{D03C2413-6639-4F22-884E-09C616A40CA2}.Debug|x64.Build.0 = Debug|x64
		{D03C2413-6639-4F22-884E-09C616A40CA2}.Debug|x86.ActiveCfg = Debug|Win32
		{D03C2413-6639-4F22-884E-09C616A40CA2}.Debug|x86.Build.0 = Debug|Win32
		{D03C2413-6639-4F22-884E-09C616A40CA2}.Release|x64.ActiveCfg = Release|x64
		{D03C2413-6639-4F22-884E-09C616A40CA2}.Release|x64.Build.0 = Release|x64
		{D03C2413-6639-4F22-884E-09C616A40CA2}.Release|x86.ActiveCfg = Release|Win32
		{D03C2413-6639-4F22-884E-09C616A40CA2}.Release|x86.Build.0 = Release|Win32
		{A0505CD0-3960-4B9B-8BE8-2959F553387A}.Debug|x64.ActiveCfg = Debug|x64
		{A0505CD0-3960-4B9B-8BE8-2959F553387A}.Debug|x64.Build.0 = Debug|x64
		{A0505CD0-3960-4B9B-8BE8-2959F553387A}.Debug|x86.ActiveCfg = Debug|Win32
		{A0505CD0-3960-4B9B-8BE8-2959F553387A}.Debug|x86.Build.0 = Debug|Win32
		{A0505CD0-3960-4B9B-8BE8-2959F553387A}.Release|x64.ActiveCfg = Release|x64
		{A0505CD0-3960-4B9B-8BE8-2959F553387A}.Release|x64.Build.0 = Release|x64
		{A0505CD0-3960-4B9B-8BE8-2959F553387A}.Release|x86.ActiveCfg = Release|Win32
		{A0505CD0-3960-4B9B-8BE8-2959F553387A}.Release|x86.Build.0 = Release|Win32
		{E2F12F04-691F-4D39-A021-EBB1BDC87458}.Debug|x64.ActiveCfg = Debug|x64
		{E2F12F04-691F-4D39-A021-EBB1BDC87458}.Debug|x64.Build.0 = Debug|x64
		{E2F12F04-691F-4D39-A021-EBB1BDC87458}.Debug|x86.ActiveCfg = Debug|Win32
		{E2F12F04-691F-4D39-A021-EBB1BDC87458}.Debug|x86.Build.0 = Debug|Win32
		{E2F12F04-691F-4D39-A021-EBB1BDC87458}.Release|x64.ActiveCfg = Release|x64
		{E2F12F04-691F-4D39-A021-EBB1BDC87458}.Release|x64.Build.0 = Release|x64
		{E2F12F04-691F-4D39-A021-EBB1BDC87458}.Release|x86.ActiveCfg = Release|Win32
		{E2F12F04-691F-4D39-A021-EBB1BDC87458}.Release|x86.Build.0 = Release|Win32
		{093ACA46-A9F9-472F-8B07-275A13F30DD4}.Debug|x64.ActiveCfg = Debug|x64
		{093ACA46-A9F9-472F-8B07-275A13F30DD4}.Debug|x64.Build.0 = Debug|x64
		{093ACA46-A9F9-472F-8B07-275A13F30DD4}.Debug|x86.ActiveCfg = Debug|Win32
		{093ACA46-A9F9-472F-8B07-275A13F30DD4}.Debug|x86.Build.0 = Debug|Win32
		{093ACA46-A9F9-472F-8B07-275A13F30DD4}.Release|x64.ActiveCfg = Release|x64
		{093ACA46-A9F9-472F-8B07-275A13F30DD4}.Release|x64.Build.0 = Release|x64
		{093ACA46-A9F9-472F-8B07-275A13F30DD4}.Release|x86.ActiveCfg = Release|Win32
		{093ACA46-A9F9-472F-8B07-275A13F30DD4}.Release|x86.Build.0 = Release|Win32
		{ECABA1B8-2CCC-4C87-A43C-29BDE4C6D7D6}.Debug|x64.ActiveCfg = Debug|x64
		{ECABA1B8-2CCC-4C87-A43C-29BDE4C6D7D6}.Debug|x64.Build.0 = Debug|x64
		{ECABA1B8-2CCC-4C87-A43C-29BDE4C6D7D6}.Debug|x86.ActiveCfg = Debug|Win32
		{ECABA1B8-2CCC-4C87-A43C-29BDE4C6D7D6}.Debug|x86.Build.0 = Debug|Win32
		{ECABA1B8-2CCC-4C87-A43C-29BDE4C6D7D6}.Release|x64.ActiveCfg = Release|x64
		{ECABA1B8-2CCC-4C87-A43C-29BDE4C6D7D6}.Release|x64.Build.0 = Release|x64
		{ECABA1B8-2CCC-4C87-A43C-29BDE4C6D7D6}.Release|x86.ActiveCfg = Release|Win32
		{ECABA1B8-2CCC-4C87-A43C-29BDE4C6D7D6}.Release|x86.Build.0 = Release|Win32
		{7AB0EB1D-4F57-4F42-BD6B-5F5DA4FFA0D2}.Debug|x64.ActiveCfg = Debug|x64
		{7AB0EB1D-4F57-4F42-BD6B-5F5DA4FFA0D2}.Debug|x64.Build.0 = Debug|x64
		{7AB0EB1D-4F57-4F42-BD6B-5F5DA4FFA0D2}.Debug|x86.ActiveCfg = Debug|Win32
		{7AB0EB1D-4F57-4F42-BD6B-5F5DA4FFA0D2}.Debug|x86.Build.0 = Debug|Win32
		{7AB0EB1D-4F57-4F42-BD6B-5F5DA4FFA0D2}.Release|x64.ActiveCfg = Release|x64
		{7AB0EB1D-4F57-4F42-BD6B-5F5DA4FFA0D2}.Release|x64.Build.0 = Release|x64
		{7AB0EB1D-4F57-4F42-BD6B-5F5DA4FFA0D2}.Release|x86.ActiveCfg = Release|Win32
		{7AB0EB1D-4F57-4F42-BD6B-5F5DA4FFA0D2}.Release|x86.Build.0 = Release|Win32
		{CA39829F-3C08-4B32-91A2-F01A88D21B7A}.Debug|x64.ActiveCfg = Debug|x64
		{CA39829F-3C08-4B32-91A2-F01A88D21B7A}.Debug|x64.Build.0 = Debug|x64
		{CA39829F-3C08-4B32-91A2-F01A88D21B7A}.Debug|x86.ActiveCfg = Debug|Win32
		{CA39829F-3C08-4B32-91A2-F01A88D21B7A}.Debug|x86.Build.0 = Debug|Win32
		{CA39829F-3C08-4B32-91A2-F01A88D21B7A}.Release|x64.ActiveCfg = Release|x64
		{CA39829F-3C08-4B32-91A2-F01A88D21B7A}.Release|x64.Build.0 = Release|x64
		{CA39829F-3C08-4B32-91A2-F01A88D21B7A}.Release|x86.ActiveCfg = Release|Win32
		{CA39829F-3C08-4B32-91A2-F01A88D21B7A}.Release|x86.Build.0 = Release|Win32
		{F84576E2-D8FF-4528-954D-A18EF61A016A}.Debug|x64.ActiveCfg = Debug|x64
		{F84576E2-D8FF-4528-954D-A18EF61A016A}.Debug|x64.Build.0 = Debug|x64
		{F84576E2-D8FF-4528-954D-A18EF61A016A}.Debug|x86.ActiveCfg = Debug|Win32
		{F84576E2-D8FF-4528-954D-A18EF61A016A}.Debug|x86.Build.0 = Debug|Win32
		{F84576E2-D8FF-4528-954D-A18EF61A016A}.Release|x64.ActiveCfg = Release|x64
		{F84576E2-D8FF-4528-954D-A18EF61A016A}.Release|x64.Build.0 = Release|x64
		{F84576E2-D8FF-4528-954D-A18EF61A016A}.Release|x86.ActiveCfg = Release|Win32
		{F84576E2-D8FF-4528-954D-A18EF61A016A}.Release|x86.Build.0 = Release|Win32
		{FCC12A4D-79C9-491C-B5FC-3920E5346C30}.Debug|x64.ActiveCfg = Debug|x64
		{FCC12A4D-79C9-491C-B5FC-3920E5346C30}.Debug|x64.Build.0 = Debug|x64
		{FCC12A4D-79C9-491C-B5FC-3920E5346C30}.Debug|x86.ActiveCfg = Debug|Win32
		{FCC12A4D-79C9-491C-B5FC-3920E5346C30}.Debug|x86.Build.0 = Debug|Win32
		{FCC12A4D-79C9-491C-B5FC-3920E5346C30}.Release|x64.ActiveCfg = Release|x64
		{FCC12A4D-79C9-491C-B5FC-3920E5346C30}.Release|x64.Build.0 = Release|x64
		{FCC12A4D-79C9-491C-B5FC-3920E5346C30}.Release|x86.ActiveCfg = Release|Win32
		{FCC12A4D-79C9-491C-B5FC-3920E5346C30}.Release|x86.Build.0 = Release|Win32
		{CC883DD4-7257-449C-891B-8A93A807B5B3}.Debug|x64.ActiveCfg = Debug|x64
		{CC883DD4-7257-449C-891B-8A93A807B5B3}.Debug|x64.Build.0 = Debug|x64
		{CC883DD4-7257-449C-891B-8A93A807B5B3}.Debug|x86.ActiveCfg = Debug|Win32
		{CC883DD4-7257-449C-891B-8A93A807B5B3}.Debug|x86.Build.0 = Debug|Win32
		{CC883DD4-7257-449C-891B-8A93A807B5B3}.Release|x64.ActiveCfg = Release|x64
		{CC883DD4-7257-449C-891B-8A93A807B5B3}.Release|x64.Build.0 = Release|x64
		{CC883DD4-7257-449C-891B-8A93A807B5B3}.Release|x86.ActiveCfg = Release|Win32
		{CC883DD4-7257-449C-891B-8A93A807B5B3}.Release|x86.Build.0 = Release|Win32
		{AA097861-4FB9-40B7-8AE0-AD1D6563AC99}.Debug|x64.ActiveCfg = Debug|x64
		{AA097861-4FB9-40B7-8AE0-AD1D6563AC99}.Debug|x64.Build.0 = Debug|x64
		{AA097861-4FB9-40B7-8AE0-AD1D6563AC99}.Debug|x86.ActiveCfg = Debug|Win32
		{AA097861-4FB9-40B7-8AE0-AD1D6563AC99}.Debug|x86.Build.0 = Debug|Win32
		{AA097861-4FB9-40B7-8AE0-AD1D6563AC99}.Release|x64.ActiveCfg = Release|x64
		{AA097861-4FB9-40B7-8AE0-AD1D6563AC99}.Release|x64.Build.0 = Release|x64
		{AA097861-4FB9-40B7-8AE0-AD1D6563AC99}.Release|x86.ActiveCfg = Release|Win32
		{AA097861-4FB9-40B7-8AE0-AD1D6563AC99}.Release|x86.Build.0 = Release|Win32
		{139C5F8D-BC63-485B-AD1E-F0191D110B6B}.Debug|x64.ActiveCfg = Debug|x64
		{139C5F8D-BC63-485B-AD1E-F0191D110B6B}.Debug|x64.Build.0 = Debug|x64
		{139C5F8D-BC63-485B-AD1E-F0191D110B6B}.Debug|x86.ActiveCfg = Debug|Win32
		{139C5F8D-BC63-485B-AD1E-F0191D110B6B}.Debug|x86.Build.0 = Debug|Win32
		{139C5F8D-BC63-485B-AD1E-F0191D110B6B}.Release|x64.ActiveCfg = Release|x64
		{139C5F8D-BC63-485B-AD1E-F0191D110B6B}.Release|x64.Build.0 = Release|x64
		{139C5F8D-BC63-485B-AD1E-F0191D110B6B}.Release|x86.ActiveCfg = Release|Win32
		{139C5F8D-BC63-485B-AD1E-F0191D110B6B}.Release|x86.Build.0 = Release|Win32
		{55F34AA0-3F8D-472B-BD18-29725149EB76}.Debug|x64.ActiveCfg = Debug|x64
		{55F34AA0-3F8D-472B-BD18-29725149EB76}.Debug|x64.Build.0 = Debug|x64
		{55F34AA0-3F8D-472B-BD18-29725149EB76}.Debug|x86.ActiveCfg = Debug|Win32
		{55F34AA0-3F8D-472B-BD18-29725149EB76}.Debug|x86.Build.0 = Debug|Win32
		{55F34AA0-3F8D-472B-BD18-29725149EB76}.Release|x64.ActiveCfg = Release|x64
		{55F34AA0-3F8D-472B-BD18-29725149EB76}.Release|x64.Build.0 = Release|x64
		{55F34AA0-3F8D-472B-BD18-29725149EB76}.Release|x86.ActiveCfg = Release|Win32
		{55F34AA0-3F8D-472B-BD18-29725149EB76}.Release|x86.Build.0 = Release|Win32
	EndGlobalSection
	GlobalSection(SolutionProperties) = preSolution
		HideSolutionNode = FALSE
	EndGlobalSection
	GlobalSection(ExtensibilityGlobals) = postSolution
		SolutionGuid = {58925C39-EBF0-4967-A2C6-3A69731D536E}
	EndGlobalSection
EndGlobal
