
Microsoft Visual Studio Solution File, Format Version 12.00
# Visual Studio Version 16
VisualStudioVersion = 16.0.30104.148
MinimumVisualStudioVersion = 10.0.40219.1
Project("{8BC9CEB8-8B4A-11D0-8D11-00A0C91BC942}") = "Day002_1", "Day002_1\Day002_1.vcxproj", "{3A1D3024-5FF5-4323-8049-A12C07CF9F2A}"
EndProject
Project("{8BC9CEB8-8B4A-11D0-8D11-00A0C91BC942}") = "Exam_01", "Exam_01\Exam_01.vcxproj", "{1AB39387-E452-4C3C-8D31-8C698C919947}"
EndProject
Project("{8BC9CEB8-8B4A-11D0-8D11-00A0C91BC942}") = "Exam_02", "Exam_02\Exam_02.vcxproj", "{A362CA28-8E4A-4C24-B528-328F762A9F46}"
EndProject
Project("{8BC9CEB8-8B4A-11D0-8D11-00A0C91BC942}") = "Exam_03", "Exam_03\Exam_03.vcxproj", "{CE3662EF-4115-4AF0-95D3-5B9A5ED418DE}"
EndProject
Project("{8BC9CEB8-8B4A-11D0-8D11-00A0C91BC942}") = "Exam_04", "Exam_04\Exam_04.vcxproj", "{2637F5FC-8875-45B7-AC69-7B7E92B064F5}"
EndProject
Project("{8BC9CEB8-8B4A-11D0-8D11-00A0C91BC942}") = "Exam_05", "Exam_05\Exam_05.vcxproj", "{D3951ACF-5205-465F-8B2E-6683E2BA5789}"
EndProject
Project("{8BC9CEB8-8B4A-11D0-8D11-00A0C91BC942}") = "Exam_06", "Exam_06\Exam_06.vcxproj", "{02DC3DF7-4A58-46FC-958B-E667400F2FFF}"
EndProject
Project("{8BC9CEB8-8B4A-11D0-8D11-00A0C91BC942}") = "Exam_07", "Exam_07\Exam_07.vcxproj", "{AF50B9FA-D868-47B4-B897-010432CDF022}"
EndProject
Project("{8BC9CEB8-8B4A-11D0-8D11-00A0C91BC942}") = "Exam_08", "Exam_08\Exam_08.vcxproj", "{248597E5-1CAE-4408-AC9C-C86281ACD013}"
EndProject
Project("{8BC9CEB8-8B4A-11D0-8D11-00A0C91BC942}") = "Exam_09", "Exam_09\Exam_09.vcxproj", "{9D247804-105E-4C54-A415-24FAAD28BDB1}"
EndProject
Project("{8BC9CEB8-8B4A-11D0-8D11-00A0C91BC942}") = "Exam_10", "Exam_10\Exam_10.vcxproj", "{8CCABA21-659F-4576-91A5-87CA441E9174}"
EndProject
Project("{8BC9CEB8-8B4A-11D0-8D11-00A0C91BC942}") = "Exam_11", "Exam_11\Exam_11.vcxproj", "{10D50BF7-FBD7-4C9A-8BE1-E2748B00AC9F}"
EndProject
Project("{8BC9CEB8-8B4A-11D0-8D11-00A0C91BC942}") = "Exam_12", "Exam_12\Exam_12.vcxproj", "{72EA0528-04FF-4778-83FD-19E2D2629AB1}"
EndProject
Project("{8BC9CEB8-8B4A-11D0-8D11-00A0C91BC942}") = "Exam_13", "Exam_13\Exam_13.vcxproj", "{7A2B5E2B-BBFA-463D-925B-4B76F10F9ACF}"
EndProject
Project("{8BC9CEB8-8B4A-11D0-8D11-00A0C91BC942}") = "Exam_14", "Exam_14\Exam_14.vcxproj", "{AE74F333-6609-42C7-970C-F0E12F598B4D}"
EndProject
Project("{8BC9CEB8-8B4A-11D0-8D11-00A0C91BC942}") = "Exam-15", "Exam-15\Exam-15.vcxproj", "{3FEC77C9-36D5-4AC0-AAE8-094483CDB33F}"
EndProject
Project("{8BC9CEB8-8B4A-11D0-8D11-00A0C91BC942}") = "Exam_16", "Exam_16\Exam_16.vcxproj", "{F9C05FED-DA59-4576-BDCF-09E0B7E7D1F8}"
EndProject
Project("{8BC9CEB8-8B4A-11D0-8D11-00A0C91BC942}") = "control_1", "control_1\control_1.vcxproj", "{1AC0867D-0E0A-43B7-A4E3-7A78D6FFD016}"
EndProject
Project("{8BC9CEB8-8B4A-11D0-8D11-00A0C91BC942}") = "control_2", "control_2\control_2.vcxproj", "{3B3EE9C1-3EA8-496C-A0B9-33DD85942D43}"
EndProject
Project("{8BC9CEB8-8B4A-11D0-8D11-00A0C91BC942}") = "control_3", "control_3\control_3.vcxproj", "{9F14FDCC-78CC-4C7C-8420-442CA9026001}"
EndProject
Project("{8BC9CEB8-8B4A-11D0-8D11-00A0C91BC942}") = "control_4", "control_4\control_4.vcxproj", "{B53C8416-2C33-490D-A49E-13F97F0CEECF}"
EndProject
Project("{8BC9CEB8-8B4A-11D0-8D11-00A0C91BC942}") = "score", "score\score.vcxproj", "{5C04093B-9A9F-4775-8A8C-9FA32D0B2DDE}"
EndProject
Project("{8BC9CEB8-8B4A-11D0-8D11-00A0C91BC942}") = "control_5.c", "control_5.c\control_5.c.vcxproj", "{A91CF99D-F407-4AA1-979B-85B7FB93961E}"
EndProject
Project("{8BC9CEB8-8B4A-11D0-8D11-00A0C91BC942}") = "control_6", "control_6\control_6.vcxproj", "{C38D78DD-0ED5-4CFB-ABF4-7A14A428F154}"
EndProject
Project("{8BC9CEB8-8B4A-11D0-8D11-00A0C91BC942}") = "D3 E1", "D3 E1\D3 E1.vcxproj", "{6FFD6848-97B9-421C-8446-8937DAC3E796}"
EndProject
Global
	GlobalSection(SolutionConfigurationPlatforms) = preSolution
		Debug|x64 = Debug|x64
		Debug|x86 = Debug|x86
		Release|x64 = Release|x64
		Release|x86 = Release|x86
	EndGlobalSection
	GlobalSection(ProjectConfigurationPlatforms) = postSolution
		{3A1D3024-5FF5-4323-8049-A12C07CF9F2A}.Debug|x64.ActiveCfg = Debug|x64
		{3A1D3024-5FF5-4323-8049-A12C07CF9F2A}.Debug|x64.Build.0 = Debug|x64
		{3A1D3024-5FF5-4323-8049-A12C07CF9F2A}.Debug|x86.ActiveCfg = Debug|Win32
		{3A1D3024-5FF5-4323-8049-A12C07CF9F2A}.Debug|x86.Build.0 = Debug|Win32
		{3A1D3024-5FF5-4323-8049-A12C07CF9F2A}.Release|x64.ActiveCfg = Release|x64
		{3A1D3024-5FF5-4323-8049-A12C07CF9F2A}.Release|x64.Build.0 = Release|x64
		{3A1D3024-5FF5-4323-8049-A12C07CF9F2A}.Release|x86.ActiveCfg = Release|Win32
		{3A1D3024-5FF5-4323-8049-A12C07CF9F2A}.Release|x86.Build.0 = Release|Win32
		{1AB39387-E452-4C3C-8D31-8C698C919947}.Debug|x64.ActiveCfg = Debug|x64
		{1AB39387-E452-4C3C-8D31-8C698C919947}.Debug|x64.Build.0 = Debug|x64
		{1AB39387-E452-4C3C-8D31-8C698C919947}.Debug|x86.ActiveCfg = Debug|Win32
		{1AB39387-E452-4C3C-8D31-8C698C919947}.Debug|x86.Build.0 = Debug|Win32
		{1AB39387-E452-4C3C-8D31-8C698C919947}.Release|x64.ActiveCfg = Release|x64
		{1AB39387-E452-4C3C-8D31-8C698C919947}.Release|x64.Build.0 = Release|x64
		{1AB39387-E452-4C3C-8D31-8C698C919947}.Release|x86.ActiveCfg = Release|Win32
		{1AB39387-E452-4C3C-8D31-8C698C919947}.Release|x86.Build.0 = Release|Win32
		{A362CA28-8E4A-4C24-B528-328F762A9F46}.Debug|x64.ActiveCfg = Debug|x64
		{A362CA28-8E4A-4C24-B528-328F762A9F46}.Debug|x64.Build.0 = Debug|x64
		{A362CA28-8E4A-4C24-B528-328F762A9F46}.Debug|x86.ActiveCfg = Debug|Win32
		{A362CA28-8E4A-4C24-B528-328F762A9F46}.Debug|x86.Build.0 = Debug|Win32
		{A362CA28-8E4A-4C24-B528-328F762A9F46}.Release|x64.ActiveCfg = Release|x64
		{A362CA28-8E4A-4C24-B528-328F762A9F46}.Release|x64.Build.0 = Release|x64
		{A362CA28-8E4A-4C24-B528-328F762A9F46}.Release|x86.ActiveCfg = Release|Win32
		{A362CA28-8E4A-4C24-B528-328F762A9F46}.Release|x86.Build.0 = Release|Win32
		{CE3662EF-4115-4AF0-95D3-5B9A5ED418DE}.Debug|x64.ActiveCfg = Debug|x64
		{CE3662EF-4115-4AF0-95D3-5B9A5ED418DE}.Debug|x64.Build.0 = Debug|x64
		{CE3662EF-4115-4AF0-95D3-5B9A5ED418DE}.Debug|x86.ActiveCfg = Debug|Win32
		{CE3662EF-4115-4AF0-95D3-5B9A5ED418DE}.Debug|x86.Build.0 = Debug|Win32
		{CE3662EF-4115-4AF0-95D3-5B9A5ED418DE}.Release|x64.ActiveCfg = Release|x64
		{CE3662EF-4115-4AF0-95D3-5B9A5ED418DE}.Release|x64.Build.0 = Release|x64
		{CE3662EF-4115-4AF0-95D3-5B9A5ED418DE}.Release|x86.ActiveCfg = Release|Win32
		{CE3662EF-4115-4AF0-95D3-5B9A5ED418DE}.Release|x86.Build.0 = Release|Win32
		{2637F5FC-8875-45B7-AC69-7B7E92B064F5}.Debug|x64.ActiveCfg = Debug|x64
		{2637F5FC-8875-45B7-AC69-7B7E92B064F5}.Debug|x64.Build.0 = Debug|x64
		{2637F5FC-8875-45B7-AC69-7B7E92B064F5}.Debug|x86.ActiveCfg = Debug|Win32
		{2637F5FC-8875-45B7-AC69-7B7E92B064F5}.Debug|x86.Build.0 = Debug|Win32
		{2637F5FC-8875-45B7-AC69-7B7E92B064F5}.Release|x64.ActiveCfg = Release|x64
		{2637F5FC-8875-45B7-AC69-7B7E92B064F5}.Release|x64.Build.0 = Release|x64
		{2637F5FC-8875-45B7-AC69-7B7E92B064F5}.Release|x86.ActiveCfg = Release|Win32
		{2637F5FC-8875-45B7-AC69-7B7E92B064F5}.Release|x86.Build.0 = Release|Win32
		{D3951ACF-5205-465F-8B2E-6683E2BA5789}.Debug|x64.ActiveCfg = Debug|x64
		{D3951ACF-5205-465F-8B2E-6683E2BA5789}.Debug|x64.Build.0 = Debug|x64
		{D3951ACF-5205-465F-8B2E-6683E2BA5789}.Debug|x86.ActiveCfg = Debug|Win32
		{D3951ACF-5205-465F-8B2E-6683E2BA5789}.Debug|x86.Build.0 = Debug|Win32
		{D3951ACF-5205-465F-8B2E-6683E2BA5789}.Release|x64.ActiveCfg = Release|x64
		{D3951ACF-5205-465F-8B2E-6683E2BA5789}.Release|x64.Build.0 = Release|x64
		{D3951ACF-5205-465F-8B2E-6683E2BA5789}.Release|x86.ActiveCfg = Release|Win32
		{D3951ACF-5205-465F-8B2E-6683E2BA5789}.Release|x86.Build.0 = Release|Win32
		{02DC3DF7-4A58-46FC-958B-E667400F2FFF}.Debug|x64.ActiveCfg = Debug|x64
		{02DC3DF7-4A58-46FC-958B-E667400F2FFF}.Debug|x64.Build.0 = Debug|x64
		{02DC3DF7-4A58-46FC-958B-E667400F2FFF}.Debug|x86.ActiveCfg = Debug|Win32
		{02DC3DF7-4A58-46FC-958B-E667400F2FFF}.Debug|x86.Build.0 = Debug|Win32
		{02DC3DF7-4A58-46FC-958B-E667400F2FFF}.Release|x64.ActiveCfg = Release|x64
		{02DC3DF7-4A58-46FC-958B-E667400F2FFF}.Release|x64.Build.0 = Release|x64
		{02DC3DF7-4A58-46FC-958B-E667400F2FFF}.Release|x86.ActiveCfg = Release|Win32
		{02DC3DF7-4A58-46FC-958B-E667400F2FFF}.Release|x86.Build.0 = Release|Win32
		{AF50B9FA-D868-47B4-B897-010432CDF022}.Debug|x64.ActiveCfg = Debug|x64
		{AF50B9FA-D868-47B4-B897-010432CDF022}.Debug|x64.Build.0 = Debug|x64
		{AF50B9FA-D868-47B4-B897-010432CDF022}.Debug|x86.ActiveCfg = Debug|Win32
		{AF50B9FA-D868-47B4-B897-010432CDF022}.Debug|x86.Build.0 = Debug|Win32
		{AF50B9FA-D868-47B4-B897-010432CDF022}.Release|x64.ActiveCfg = Release|x64
		{AF50B9FA-D868-47B4-B897-010432CDF022}.Release|x64.Build.0 = Release|x64
		{AF50B9FA-D868-47B4-B897-010432CDF022}.Release|x86.ActiveCfg = Release|Win32
		{AF50B9FA-D868-47B4-B897-010432CDF022}.Release|x86.Build.0 = Release|Win32
		{248597E5-1CAE-4408-AC9C-C86281ACD013}.Debug|x64.ActiveCfg = Debug|x64
		{248597E5-1CAE-4408-AC9C-C86281ACD013}.Debug|x64.Build.0 = Debug|x64
		{248597E5-1CAE-4408-AC9C-C86281ACD013}.Debug|x86.ActiveCfg = Debug|Win32
		{248597E5-1CAE-4408-AC9C-C86281ACD013}.Debug|x86.Build.0 = Debug|Win32
		{248597E5-1CAE-4408-AC9C-C86281ACD013}.Release|x64.ActiveCfg = Release|x64
		{248597E5-1CAE-4408-AC9C-C86281ACD013}.Release|x64.Build.0 = Release|x64
		{248597E5-1CAE-4408-AC9C-C86281ACD013}.Release|x86.ActiveCfg = Release|Win32
		{248597E5-1CAE-4408-AC9C-C86281ACD013}.Release|x86.Build.0 = Release|Win32
		{9D247804-105E-4C54-A415-24FAAD28BDB1}.Debug|x64.ActiveCfg = Debug|x64
		{9D247804-105E-4C54-A415-24FAAD28BDB1}.Debug|x64.Build.0 = Debug|x64
		{9D247804-105E-4C54-A415-24FAAD28BDB1}.Debug|x86.ActiveCfg = Debug|Win32
		{9D247804-105E-4C54-A415-24FAAD28BDB1}.Debug|x86.Build.0 = Debug|Win32
		{9D247804-105E-4C54-A415-24FAAD28BDB1}.Release|x64.ActiveCfg = Release|x64
		{9D247804-105E-4C54-A415-24FAAD28BDB1}.Release|x64.Build.0 = Release|x64
		{9D247804-105E-4C54-A415-24FAAD28BDB1}.Release|x86.ActiveCfg = Release|Win32
		{9D247804-105E-4C54-A415-24FAAD28BDB1}.Release|x86.Build.0 = Release|Win32
		{8CCABA21-659F-4576-91A5-87CA441E9174}.Debug|x64.ActiveCfg = Debug|x64
		{8CCABA21-659F-4576-91A5-87CA441E9174}.Debug|x64.Build.0 = Debug|x64
		{8CCABA21-659F-4576-91A5-87CA441E9174}.Debug|x86.ActiveCfg = Debug|Win32
		{8CCABA21-659F-4576-91A5-87CA441E9174}.Debug|x86.Build.0 = Debug|Win32
		{8CCABA21-659F-4576-91A5-87CA441E9174}.Release|x64.ActiveCfg = Release|x64
		{8CCABA21-659F-4576-91A5-87CA441E9174}.Release|x64.Build.0 = Release|x64
		{8CCABA21-659F-4576-91A5-87CA441E9174}.Release|x86.ActiveCfg = Release|Win32
		{8CCABA21-659F-4576-91A5-87CA441E9174}.Release|x86.Build.0 = Release|Win32
		{10D50BF7-FBD7-4C9A-8BE1-E2748B00AC9F}.Debug|x64.ActiveCfg = Debug|x64
		{10D50BF7-FBD7-4C9A-8BE1-E2748B00AC9F}.Debug|x64.Build.0 = Debug|x64
		{10D50BF7-FBD7-4C9A-8BE1-E2748B00AC9F}.Debug|x86.ActiveCfg = Debug|Win32
		{10D50BF7-FBD7-4C9A-8BE1-E2748B00AC9F}.Debug|x86.Build.0 = Debug|Win32
		{10D50BF7-FBD7-4C9A-8BE1-E2748B00AC9F}.Release|x64.ActiveCfg = Release|x64
		{10D50BF7-FBD7-4C9A-8BE1-E2748B00AC9F}.Release|x64.Build.0 = Release|x64
		{10D50BF7-FBD7-4C9A-8BE1-E2748B00AC9F}.Release|x86.ActiveCfg = Release|Win32
		{10D50BF7-FBD7-4C9A-8BE1-E2748B00AC9F}.Release|x86.Build.0 = Release|Win32
		{72EA0528-04FF-4778-83FD-19E2D2629AB1}.Debug|x64.ActiveCfg = Debug|x64
		{72EA0528-04FF-4778-83FD-19E2D2629AB1}.Debug|x64.Build.0 = Debug|x64
		{72EA0528-04FF-4778-83FD-19E2D2629AB1}.Debug|x86.ActiveCfg = Debug|Win32
		{72EA0528-04FF-4778-83FD-19E2D2629AB1}.Debug|x86.Build.0 = Debug|Win32
		{72EA0528-04FF-4778-83FD-19E2D2629AB1}.Release|x64.ActiveCfg = Release|x64
		{72EA0528-04FF-4778-83FD-19E2D2629AB1}.Release|x64.Build.0 = Release|x64
		{72EA0528-04FF-4778-83FD-19E2D2629AB1}.Release|x86.ActiveCfg = Release|Win32
		{72EA0528-04FF-4778-83FD-19E2D2629AB1}.Release|x86.Build.0 = Release|Win32
		{7A2B5E2B-BBFA-463D-925B-4B76F10F9ACF}.Debug|x64.ActiveCfg = Debug|x64
		{7A2B5E2B-BBFA-463D-925B-4B76F10F9ACF}.Debug|x64.Build.0 = Debug|x64
		{7A2B5E2B-BBFA-463D-925B-4B76F10F9ACF}.Debug|x86.ActiveCfg = Debug|Win32
		{7A2B5E2B-BBFA-463D-925B-4B76F10F9ACF}.Debug|x86.Build.0 = Debug|Win32
		{7A2B5E2B-BBFA-463D-925B-4B76F10F9ACF}.Release|x64.ActiveCfg = Release|x64
		{7A2B5E2B-BBFA-463D-925B-4B76F10F9ACF}.Release|x64.Build.0 = Release|x64
		{7A2B5E2B-BBFA-463D-925B-4B76F10F9ACF}.Release|x86.ActiveCfg = Release|Win32
		{7A2B5E2B-BBFA-463D-925B-4B76F10F9ACF}.Release|x86.Build.0 = Release|Win32
		{AE74F333-6609-42C7-970C-F0E12F598B4D}.Debug|x64.ActiveCfg = Debug|x64
		{AE74F333-6609-42C7-970C-F0E12F598B4D}.Debug|x64.Build.0 = Debug|x64
		{AE74F333-6609-42C7-970C-F0E12F598B4D}.Debug|x86.ActiveCfg = Debug|Win32
		{AE74F333-6609-42C7-970C-F0E12F598B4D}.Debug|x86.Build.0 = Debug|Win32
		{AE74F333-6609-42C7-970C-F0E12F598B4D}.Release|x64.ActiveCfg = Release|x64
		{AE74F333-6609-42C7-970C-F0E12F598B4D}.Release|x64.Build.0 = Release|x64
		{AE74F333-6609-42C7-970C-F0E12F598B4D}.Release|x86.ActiveCfg = Release|Win32
		{AE74F333-6609-42C7-970C-F0E12F598B4D}.Release|x86.Build.0 = Release|Win32
		{3FEC77C9-36D5-4AC0-AAE8-094483CDB33F}.Debug|x64.ActiveCfg = Debug|x64
		{3FEC77C9-36D5-4AC0-AAE8-094483CDB33F}.Debug|x64.Build.0 = Debug|x64
		{3FEC77C9-36D5-4AC0-AAE8-094483CDB33F}.Debug|x86.ActiveCfg = Debug|Win32
		{3FEC77C9-36D5-4AC0-AAE8-094483CDB33F}.Debug|x86.Build.0 = Debug|Win32
		{3FEC77C9-36D5-4AC0-AAE8-094483CDB33F}.Release|x64.ActiveCfg = Release|x64
		{3FEC77C9-36D5-4AC0-AAE8-094483CDB33F}.Release|x64.Build.0 = Release|x64
		{3FEC77C9-36D5-4AC0-AAE8-094483CDB33F}.Release|x86.ActiveCfg = Release|Win32
		{3FEC77C9-36D5-4AC0-AAE8-094483CDB33F}.Release|x86.Build.0 = Release|Win32
		{F9C05FED-DA59-4576-BDCF-09E0B7E7D1F8}.Debug|x64.ActiveCfg = Debug|x64
		{F9C05FED-DA59-4576-BDCF-09E0B7E7D1F8}.Debug|x64.Build.0 = Debug|x64
		{F9C05FED-DA59-4576-BDCF-09E0B7E7D1F8}.Debug|x86.ActiveCfg = Debug|Win32
		{F9C05FED-DA59-4576-BDCF-09E0B7E7D1F8}.Debug|x86.Build.0 = Debug|Win32
		{F9C05FED-DA59-4576-BDCF-09E0B7E7D1F8}.Release|x64.ActiveCfg = Release|x64
		{F9C05FED-DA59-4576-BDCF-09E0B7E7D1F8}.Release|x64.Build.0 = Release|x64
		{F9C05FED-DA59-4576-BDCF-09E0B7E7D1F8}.Release|x86.ActiveCfg = Release|Win32
		{F9C05FED-DA59-4576-BDCF-09E0B7E7D1F8}.Release|x86.Build.0 = Release|Win32
		{1AC0867D-0E0A-43B7-A4E3-7A78D6FFD016}.Debug|x64.ActiveCfg = Debug|x64
		{1AC0867D-0E0A-43B7-A4E3-7A78D6FFD016}.Debug|x64.Build.0 = Debug|x64
		{1AC0867D-0E0A-43B7-A4E3-7A78D6FFD016}.Debug|x86.ActiveCfg = Debug|Win32
		{1AC0867D-0E0A-43B7-A4E3-7A78D6FFD016}.Debug|x86.Build.0 = Debug|Win32
		{1AC0867D-0E0A-43B7-A4E3-7A78D6FFD016}.Release|x64.ActiveCfg = Release|x64
		{1AC0867D-0E0A-43B7-A4E3-7A78D6FFD016}.Release|x64.Build.0 = Release|x64
		{1AC0867D-0E0A-43B7-A4E3-7A78D6FFD016}.Release|x86.ActiveCfg = Release|Win32
		{1AC0867D-0E0A-43B7-A4E3-7A78D6FFD016}.Release|x86.Build.0 = Release|Win32
		{3B3EE9C1-3EA8-496C-A0B9-33DD85942D43}.Debug|x64.ActiveCfg = Debug|x64
		{3B3EE9C1-3EA8-496C-A0B9-33DD85942D43}.Debug|x64.Build.0 = Debug|x64
		{3B3EE9C1-3EA8-496C-A0B9-33DD85942D43}.Debug|x86.ActiveCfg = Debug|Win32
		{3B3EE9C1-3EA8-496C-A0B9-33DD85942D43}.Debug|x86.Build.0 = Debug|Win32
		{3B3EE9C1-3EA8-496C-A0B9-33DD85942D43}.Release|x64.ActiveCfg = Release|x64
		{3B3EE9C1-3EA8-496C-A0B9-33DD85942D43}.Release|x64.Build.0 = Release|x64
		{3B3EE9C1-3EA8-496C-A0B9-33DD85942D43}.Release|x86.ActiveCfg = Release|Win32
		{3B3EE9C1-3EA8-496C-A0B9-33DD85942D43}.Release|x86.Build.0 = Release|Win32
		{9F14FDCC-78CC-4C7C-8420-442CA9026001}.Debug|x64.ActiveCfg = Debug|x64
		{9F14FDCC-78CC-4C7C-8420-442CA9026001}.Debug|x64.Build.0 = Debug|x64
		{9F14FDCC-78CC-4C7C-8420-442CA9026001}.Debug|x86.ActiveCfg = Debug|Win32
		{9F14FDCC-78CC-4C7C-8420-442CA9026001}.Debug|x86.Build.0 = Debug|Win32
		{9F14FDCC-78CC-4C7C-8420-442CA9026001}.Release|x64.ActiveCfg = Release|x64
		{9F14FDCC-78CC-4C7C-8420-442CA9026001}.Release|x64.Build.0 = Release|x64
		{9F14FDCC-78CC-4C7C-8420-442CA9026001}.Release|x86.ActiveCfg = Release|Win32
		{9F14FDCC-78CC-4C7C-8420-442CA9026001}.Release|x86.Build.0 = Release|Win32
		{B53C8416-2C33-490D-A49E-13F97F0CEECF}.Debug|x64.ActiveCfg = Debug|x64
		{B53C8416-2C33-490D-A49E-13F97F0CEECF}.Debug|x64.Build.0 = Debug|x64
		{B53C8416-2C33-490D-A49E-13F97F0CEECF}.Debug|x86.ActiveCfg = Debug|Win32
		{B53C8416-2C33-490D-A49E-13F97F0CEECF}.Debug|x86.Build.0 = Debug|Win32
		{B53C8416-2C33-490D-A49E-13F97F0CEECF}.Release|x64.ActiveCfg = Release|x64
		{B53C8416-2C33-490D-A49E-13F97F0CEECF}.Release|x64.Build.0 = Release|x64
		{B53C8416-2C33-490D-A49E-13F97F0CEECF}.Release|x86.ActiveCfg = Release|Win32
		{B53C8416-2C33-490D-A49E-13F97F0CEECF}.Release|x86.Build.0 = Release|Win32
		{5C04093B-9A9F-4775-8A8C-9FA32D0B2DDE}.Debug|x64.ActiveCfg = Debug|x64
		{5C04093B-9A9F-4775-8A8C-9FA32D0B2DDE}.Debug|x64.Build.0 = Debug|x64
		{5C04093B-9A9F-4775-8A8C-9FA32D0B2DDE}.Debug|x86.ActiveCfg = Debug|Win32
		{5C04093B-9A9F-4775-8A8C-9FA32D0B2DDE}.Debug|x86.Build.0 = Debug|Win32
		{5C04093B-9A9F-4775-8A8C-9FA32D0B2DDE}.Release|x64.ActiveCfg = Release|x64
		{5C04093B-9A9F-4775-8A8C-9FA32D0B2DDE}.Release|x64.Build.0 = Release|x64
		{5C04093B-9A9F-4775-8A8C-9FA32D0B2DDE}.Release|x86.ActiveCfg = Release|Win32
		{5C04093B-9A9F-4775-8A8C-9FA32D0B2DDE}.Release|x86.Build.0 = Release|Win32
		{A91CF99D-F407-4AA1-979B-85B7FB93961E}.Debug|x64.ActiveCfg = Debug|x64
		{A91CF99D-F407-4AA1-979B-85B7FB93961E}.Debug|x64.Build.0 = Debug|x64
		{A91CF99D-F407-4AA1-979B-85B7FB93961E}.Debug|x86.ActiveCfg = Debug|Win32
		{A91CF99D-F407-4AA1-979B-85B7FB93961E}.Debug|x86.Build.0 = Debug|Win32
		{A91CF99D-F407-4AA1-979B-85B7FB93961E}.Release|x64.ActiveCfg = Release|x64
		{A91CF99D-F407-4AA1-979B-85B7FB93961E}.Release|x64.Build.0 = Release|x64
		{A91CF99D-F407-4AA1-979B-85B7FB93961E}.Release|x86.ActiveCfg = Release|Win32
		{A91CF99D-F407-4AA1-979B-85B7FB93961E}.Release|x86.Build.0 = Release|Win32
		{C38D78DD-0ED5-4CFB-ABF4-7A14A428F154}.Debug|x64.ActiveCfg = Debug|x64
		{C38D78DD-0ED5-4CFB-ABF4-7A14A428F154}.Debug|x64.Build.0 = Debug|x64
		{C38D78DD-0ED5-4CFB-ABF4-7A14A428F154}.Debug|x86.ActiveCfg = Debug|Win32
		{C38D78DD-0ED5-4CFB-ABF4-7A14A428F154}.Debug|x86.Build.0 = Debug|Win32
		{C38D78DD-0ED5-4CFB-ABF4-7A14A428F154}.Release|x64.ActiveCfg = Release|x64
		{C38D78DD-0ED5-4CFB-ABF4-7A14A428F154}.Release|x64.Build.0 = Release|x64
		{C38D78DD-0ED5-4CFB-ABF4-7A14A428F154}.Release|x86.ActiveCfg = Release|Win32
		{C38D78DD-0ED5-4CFB-ABF4-7A14A428F154}.Release|x86.Build.0 = Release|Win32
		{6FFD6848-97B9-421C-8446-8937DAC3E796}.Debug|x64.ActiveCfg = Debug|x64
		{6FFD6848-97B9-421C-8446-8937DAC3E796}.Debug|x64.Build.0 = Debug|x64
		{6FFD6848-97B9-421C-8446-8937DAC3E796}.Debug|x86.ActiveCfg = Debug|Win32
		{6FFD6848-97B9-421C-8446-8937DAC3E796}.Debug|x86.Build.0 = Debug|Win32
		{6FFD6848-97B9-421C-8446-8937DAC3E796}.Release|x64.ActiveCfg = Release|x64
		{6FFD6848-97B9-421C-8446-8937DAC3E796}.Release|x64.Build.0 = Release|x64
		{6FFD6848-97B9-421C-8446-8937DAC3E796}.Release|x86.ActiveCfg = Release|Win32
		{6FFD6848-97B9-421C-8446-8937DAC3E796}.Release|x86.Build.0 = Release|Win32
	EndGlobalSection
	GlobalSection(SolutionProperties) = preSolution
		HideSolutionNode = FALSE
	EndGlobalSection
	GlobalSection(ExtensibilityGlobals) = postSolution
		SolutionGuid = {A05537BD-E15B-430A-8015-373F509B266D}
	EndGlobalSection
EndGlobal
