
Microsoft Visual Studio Solution File, Format Version 12.00
# Visual Studio Version 16
VisualStudioVersion = 16.0.30104.148
MinimumVisualStudioVersion = 10.0.40219.1
Project("{8BC9CEB8-8B4A-11D0-8D11-00A0C91BC942}") = "Day004", "Day004\Day004.vcxproj", "{3646CB2F-55E7-48CB-A73D-CA377F875C74}"
EndProject
Project("{8BC9CEB8-8B4A-11D0-8D11-00A0C91BC942}") = "Character_1", "Character_1\Character_1.vcxproj", "{2CCDFE88-F5F6-4B86-9631-AAE081FEDD28}"
EndProject
Project("{8BC9CEB8-8B4A-11D0-8D11-00A0C91BC942}") = "Character_2", "Character_2\Character_2.vcxproj", "{07ADA310-8460-4D83-8CC3-1C3F592BEAB2}"
EndProject
Project("{8BC9CEB8-8B4A-11D0-8D11-00A0C91BC942}") = "Character_3", "Character_3\Character_3.vcxproj", "{75144C34-E2E7-42EF-BC91-A1547200C8D5}"
EndProject
Project("{8BC9CEB8-8B4A-11D0-8D11-00A0C91BC942}") = "Character_4", "Character_04\Character_04.vcxproj", "{D4B001A7-E113-4484-8F35-96C6EFEF12A1}"
EndProject
Project("{8BC9CEB8-8B4A-11D0-8D11-00A0C91BC942}") = "Character_5", "Character_05\Character_05.vcxproj", "{496A0E60-DCEB-4AD2-A576-85B1E3D1C5E4}"
EndProject
Project("{8BC9CEB8-8B4A-11D0-8D11-00A0C91BC942}") = "Function_1", "Character_6\Character_6.vcxproj", "{4BF40419-CF61-4486-86AB-4C06557713A4}"
EndProject
Project("{8BC9CEB8-8B4A-11D0-8D11-00A0C91BC942}") = "Function_2", "Function_2\Function_2.vcxproj", "{F8333CA5-6AF3-48E2-A3DF-0C3A6ABBB80E}"
EndProject
Project("{8BC9CEB8-8B4A-11D0-8D11-00A0C91BC942}") = "Array_1", "Array_1\Array_1.vcxproj", "{0C52D25B-1885-4089-8EF1-F231CB8C159D}"
EndProject
Project("{8BC9CEB8-8B4A-11D0-8D11-00A0C91BC942}") = "Array_2", "Array_2\Array_2.vcxproj", "{A483CB99-A37C-4015-8821-4BC9869B474C}"
EndProject
Project("{8BC9CEB8-8B4A-11D0-8D11-00A0C91BC942}") = "Array_3", "Array_3\Array_3.vcxproj", "{BE2B80BD-F915-4D1B-ACBF-9A3C21702C2D}"
EndProject
Project("{8BC9CEB8-8B4A-11D0-8D11-00A0C91BC942}") = "Array_4", "Array_4\Array_4.vcxproj", "{76A6605A-60D6-4F61-B87D-64A8D98CAC8A}"
EndProject
Project("{8BC9CEB8-8B4A-11D0-8D11-00A0C91BC942}") = "Array_5", "Array_5\Array_5.vcxproj", "{E9C7B2C4-6AC3-4991-86C3-7EBB623B909F}"
EndProject
Project("{8BC9CEB8-8B4A-11D0-8D11-00A0C91BC942}") = "Array_6", "Array_6\Array_6.vcxproj", "{BF7DAF66-B870-4223-A037-8231205D11D7}"
EndProject
Project("{8BC9CEB8-8B4A-11D0-8D11-00A0C91BC942}") = "Pointer_1", "Pointer_1\Pointer_1.vcxproj", "{920084C9-992F-44B2-8006-8793F051C688}"
EndProject
Project("{8BC9CEB8-8B4A-11D0-8D11-00A0C91BC942}") = "Pointer_2", "Pointer_2\Pointer_2.vcxproj", "{452EEC68-44BB-4346-BD00-8D51D1109591}"
EndProject
Project("{8BC9CEB8-8B4A-11D0-8D11-00A0C91BC942}") = "Prime", "Prime\Prime.vcxproj", "{3889DE92-2D85-4806-8451-EBDE1E161E29}"
EndProject
Project("{8BC9CEB8-8B4A-11D0-8D11-00A0C91BC942}") = "homework", "homework\homework.vcxproj", "{96FF60A4-0EE6-437F-8563-B26F0326511F}"
EndProject
Project("{8BC9CEB8-8B4A-11D0-8D11-00A0C91BC942}") = "Score", "Score\Score.vcxproj", "{E58E4ABE-3F4F-4FB4-9516-7D9334646EDD}"
EndProject
Project("{8BC9CEB8-8B4A-11D0-8D11-00A0C91BC942}") = "Pointer_4", "Pointer_4\Pointer_4.vcxproj", "{8ED62BA0-5E68-4AD8-876E-6A8122FE8C0F}"
EndProject
Project("{8BC9CEB8-8B4A-11D0-8D11-00A0C91BC942}") = "Pointer_5", "Pointer_5\Pointer_5.vcxproj", "{AE095311-4FCD-4586-855B-8DC834198D0D}"
EndProject
Project("{8BC9CEB8-8B4A-11D0-8D11-00A0C91BC942}") = "String_1", "String_1\String_1.vcxproj", "{5946DF4E-AAE6-4BD4-BB2E-33E0072C41F2}"
EndProject
Project("{8BC9CEB8-8B4A-11D0-8D11-00A0C91BC942}") = "Pointer_6", "Pointer_6\Pointer_6.vcxproj", "{1474AFAE-91D7-4241-AFB1-4BC190761996}"
EndProject
Global
	GlobalSection(SolutionConfigurationPlatforms) = preSolution
		Debug|x64 = Debug|x64
		Debug|x86 = Debug|x86
		Release|x64 = Release|x64
		Release|x86 = Release|x86
	EndGlobalSection
	GlobalSection(ProjectConfigurationPlatforms) = postSolution
		{3646CB2F-55E7-48CB-A73D-CA377F875C74}.Debug|x64.ActiveCfg = Debug|x64
		{3646CB2F-55E7-48CB-A73D-CA377F875C74}.Debug|x64.Build.0 = Debug|x64
		{3646CB2F-55E7-48CB-A73D-CA377F875C74}.Debug|x86.ActiveCfg = Debug|Win32
		{3646CB2F-55E7-48CB-A73D-CA377F875C74}.Debug|x86.Build.0 = Debug|Win32
		{3646CB2F-55E7-48CB-A73D-CA377F875C74}.Release|x64.ActiveCfg = Release|x64
		{3646CB2F-55E7-48CB-A73D-CA377F875C74}.Release|x64.Build.0 = Release|x64
		{3646CB2F-55E7-48CB-A73D-CA377F875C74}.Release|x86.ActiveCfg = Release|Win32
		{3646CB2F-55E7-48CB-A73D-CA377F875C74}.Release|x86.Build.0 = Release|Win32
		{2CCDFE88-F5F6-4B86-9631-AAE081FEDD28}.Debug|x64.ActiveCfg = Debug|x64
		{2CCDFE88-F5F6-4B86-9631-AAE081FEDD28}.Debug|x64.Build.0 = Debug|x64
		{2CCDFE88-F5F6-4B86-9631-AAE081FEDD28}.Debug|x86.ActiveCfg = Debug|Win32
		{2CCDFE88-F5F6-4B86-9631-AAE081FEDD28}.Debug|x86.Build.0 = Debug|Win32
		{2CCDFE88-F5F6-4B86-9631-AAE081FEDD28}.Release|x64.ActiveCfg = Release|x64
		{2CCDFE88-F5F6-4B86-9631-AAE081FEDD28}.Release|x64.Build.0 = Release|x64
		{2CCDFE88-F5F6-4B86-9631-AAE081FEDD28}.Release|x86.ActiveCfg = Release|Win32
		{2CCDFE88-F5F6-4B86-9631-AAE081FEDD28}.Release|x86.Build.0 = Release|Win32
		{07ADA310-8460-4D83-8CC3-1C3F592BEAB2}.Debug|x64.ActiveCfg = Debug|x64
		{07ADA310-8460-4D83-8CC3-1C3F592BEAB2}.Debug|x64.Build.0 = Debug|x64
		{07ADA310-8460-4D83-8CC3-1C3F592BEAB2}.Debug|x86.ActiveCfg = Debug|Win32
		{07ADA310-8460-4D83-8CC3-1C3F592BEAB2}.Debug|x86.Build.0 = Debug|Win32
		{07ADA310-8460-4D83-8CC3-1C3F592BEAB2}.Release|x64.ActiveCfg = Release|x64
		{07ADA310-8460-4D83-8CC3-1C3F592BEAB2}.Release|x64.Build.0 = Release|x64
		{07ADA310-8460-4D83-8CC3-1C3F592BEAB2}.Release|x86.ActiveCfg = Release|Win32
		{07ADA310-8460-4D83-8CC3-1C3F592BEAB2}.Release|x86.Build.0 = Release|Win32
		{75144C34-E2E7-42EF-BC91-A1547200C8D5}.Debug|x64.ActiveCfg = Debug|x64
		{75144C34-E2E7-42EF-BC91-A1547200C8D5}.Debug|x64.Build.0 = Debug|x64
		{75144C34-E2E7-42EF-BC91-A1547200C8D5}.Debug|x86.ActiveCfg = Debug|Win32
		{75144C34-E2E7-42EF-BC91-A1547200C8D5}.Debug|x86.Build.0 = Debug|Win32
		{75144C34-E2E7-42EF-BC91-A1547200C8D5}.Release|x64.ActiveCfg = Release|x64
		{75144C34-E2E7-42EF-BC91-A1547200C8D5}.Release|x64.Build.0 = Release|x64
		{75144C34-E2E7-42EF-BC91-A1547200C8D5}.Release|x86.ActiveCfg = Release|Win32
		{75144C34-E2E7-42EF-BC91-A1547200C8D5}.Release|x86.Build.0 = Release|Win32
		{D4B001A7-E113-4484-8F35-96C6EFEF12A1}.Debug|x64.ActiveCfg = Debug|x64
		{D4B001A7-E113-4484-8F35-96C6EFEF12A1}.Debug|x64.Build.0 = Debug|x64
		{D4B001A7-E113-4484-8F35-96C6EFEF12A1}.Debug|x86.ActiveCfg = Debug|Win32
		{D4B001A7-E113-4484-8F35-96C6EFEF12A1}.Debug|x86.Build.0 = Debug|Win32
		{D4B001A7-E113-4484-8F35-96C6EFEF12A1}.Release|x64.ActiveCfg = Release|x64
		{D4B001A7-E113-4484-8F35-96C6EFEF12A1}.Release|x64.Build.0 = Release|x64
		{D4B001A7-E113-4484-8F35-96C6EFEF12A1}.Release|x86.ActiveCfg = Release|Win32
		{D4B001A7-E113-4484-8F35-96C6EFEF12A1}.Release|x86.Build.0 = Release|Win32
		{496A0E60-DCEB-4AD2-A576-85B1E3D1C5E4}.Debug|x64.ActiveCfg = Debug|x64
		{496A0E60-DCEB-4AD2-A576-85B1E3D1C5E4}.Debug|x64.Build.0 = Debug|x64
		{496A0E60-DCEB-4AD2-A576-85B1E3D1C5E4}.Debug|x86.ActiveCfg = Debug|Win32
		{496A0E60-DCEB-4AD2-A576-85B1E3D1C5E4}.Debug|x86.Build.0 = Debug|Win32
		{496A0E60-DCEB-4AD2-A576-85B1E3D1C5E4}.Release|x64.ActiveCfg = Release|x64
		{496A0E60-DCEB-4AD2-A576-85B1E3D1C5E4}.Release|x64.Build.0 = Release|x64
		{496A0E60-DCEB-4AD2-A576-85B1E3D1C5E4}.Release|x86.ActiveCfg = Release|Win32
		{496A0E60-DCEB-4AD2-A576-85B1E3D1C5E4}.Release|x86.Build.0 = Release|Win32
		{4BF40419-CF61-4486-86AB-4C06557713A4}.Debug|x64.ActiveCfg = Debug|x64
		{4BF40419-CF61-4486-86AB-4C06557713A4}.Debug|x64.Build.0 = Debug|x64
		{4BF40419-CF61-4486-86AB-4C06557713A4}.Debug|x86.ActiveCfg = Debug|Win32
		{4BF40419-CF61-4486-86AB-4C06557713A4}.Debug|x86.Build.0 = Debug|Win32
		{4BF40419-CF61-4486-86AB-4C06557713A4}.Release|x64.ActiveCfg = Release|x64
		{4BF40419-CF61-4486-86AB-4C06557713A4}.Release|x64.Build.0 = Release|x64
		{4BF40419-CF61-4486-86AB-4C06557713A4}.Release|x86.ActiveCfg = Release|Win32
		{4BF40419-CF61-4486-86AB-4C06557713A4}.Release|x86.Build.0 = Release|Win32
		{F8333CA5-6AF3-48E2-A3DF-0C3A6ABBB80E}.Debug|x64.ActiveCfg = Debug|x64
		{F8333CA5-6AF3-48E2-A3DF-0C3A6ABBB80E}.Debug|x64.Build.0 = Debug|x64
		{F8333CA5-6AF3-48E2-A3DF-0C3A6ABBB80E}.Debug|x86.ActiveCfg = Debug|Win32
		{F8333CA5-6AF3-48E2-A3DF-0C3A6ABBB80E}.Debug|x86.Build.0 = Debug|Win32
		{F8333CA5-6AF3-48E2-A3DF-0C3A6ABBB80E}.Release|x64.ActiveCfg = Release|x64
		{F8333CA5-6AF3-48E2-A3DF-0C3A6ABBB80E}.Release|x64.Build.0 = Release|x64
		{F8333CA5-6AF3-48E2-A3DF-0C3A6ABBB80E}.Release|x86.ActiveCfg = Release|Win32
		{F8333CA5-6AF3-48E2-A3DF-0C3A6ABBB80E}.Release|x86.Build.0 = Release|Win32
		{0C52D25B-1885-4089-8EF1-F231CB8C159D}.Debug|x64.ActiveCfg = Debug|x64
		{0C52D25B-1885-4089-8EF1-F231CB8C159D}.Debug|x64.Build.0 = Debug|x64
		{0C52D25B-1885-4089-8EF1-F231CB8C159D}.Debug|x86.ActiveCfg = Debug|Win32
		{0C52D25B-1885-4089-8EF1-F231CB8C159D}.Debug|x86.Build.0 = Debug|Win32
		{0C52D25B-1885-4089-8EF1-F231CB8C159D}.Release|x64.ActiveCfg = Release|x64
		{0C52D25B-1885-4089-8EF1-F231CB8C159D}.Release|x64.Build.0 = Release|x64
		{0C52D25B-1885-4089-8EF1-F231CB8C159D}.Release|x86.ActiveCfg = Release|Win32
		{0C52D25B-1885-4089-8EF1-F231CB8C159D}.Release|x86.Build.0 = Release|Win32
		{A483CB99-A37C-4015-8821-4BC9869B474C}.Debug|x64.ActiveCfg = Debug|x64
		{A483CB99-A37C-4015-8821-4BC9869B474C}.Debug|x64.Build.0 = Debug|x64
		{A483CB99-A37C-4015-8821-4BC9869B474C}.Debug|x86.ActiveCfg = Debug|Win32
		{A483CB99-A37C-4015-8821-4BC9869B474C}.Debug|x86.Build.0 = Debug|Win32
		{A483CB99-A37C-4015-8821-4BC9869B474C}.Release|x64.ActiveCfg = Release|x64
		{A483CB99-A37C-4015-8821-4BC9869B474C}.Release|x64.Build.0 = Release|x64
		{A483CB99-A37C-4015-8821-4BC9869B474C}.Release|x86.ActiveCfg = Release|Win32
		{A483CB99-A37C-4015-8821-4BC9869B474C}.Release|x86.Build.0 = Release|Win32
		{BE2B80BD-F915-4D1B-ACBF-9A3C21702C2D}.Debug|x64.ActiveCfg = Debug|x64
		{BE2B80BD-F915-4D1B-ACBF-9A3C21702C2D}.Debug|x64.Build.0 = Debug|x64
		{BE2B80BD-F915-4D1B-ACBF-9A3C21702C2D}.Debug|x86.ActiveCfg = Debug|Win32
		{BE2B80BD-F915-4D1B-ACBF-9A3C21702C2D}.Debug|x86.Build.0 = Debug|Win32
		{BE2B80BD-F915-4D1B-ACBF-9A3C21702C2D}.Release|x64.ActiveCfg = Release|x64
		{BE2B80BD-F915-4D1B-ACBF-9A3C21702C2D}.Release|x64.Build.0 = Release|x64
		{BE2B80BD-F915-4D1B-ACBF-9A3C21702C2D}.Release|x86.ActiveCfg = Release|Win32
		{BE2B80BD-F915-4D1B-ACBF-9A3C21702C2D}.Release|x86.Build.0 = Release|Win32
		{76A6605A-60D6-4F61-B87D-64A8D98CAC8A}.Debug|x64.ActiveCfg = Debug|x64
		{76A6605A-60D6-4F61-B87D-64A8D98CAC8A}.Debug|x64.Build.0 = Debug|x64
		{76A6605A-60D6-4F61-B87D-64A8D98CAC8A}.Debug|x86.ActiveCfg = Debug|Win32
		{76A6605A-60D6-4F61-B87D-64A8D98CAC8A}.Debug|x86.Build.0 = Debug|Win32
		{76A6605A-60D6-4F61-B87D-64A8D98CAC8A}.Release|x64.ActiveCfg = Release|x64
		{76A6605A-60D6-4F61-B87D-64A8D98CAC8A}.Release|x64.Build.0 = Release|x64
		{76A6605A-60D6-4F61-B87D-64A8D98CAC8A}.Release|x86.ActiveCfg = Release|Win32
		{76A6605A-60D6-4F61-B87D-64A8D98CAC8A}.Release|x86.Build.0 = Release|Win32
		{E9C7B2C4-6AC3-4991-86C3-7EBB623B909F}.Debug|x64.ActiveCfg = Debug|x64
		{E9C7B2C4-6AC3-4991-86C3-7EBB623B909F}.Debug|x64.Build.0 = Debug|x64
		{E9C7B2C4-6AC3-4991-86C3-7EBB623B909F}.Debug|x86.ActiveCfg = Debug|Win32
		{E9C7B2C4-6AC3-4991-86C3-7EBB623B909F}.Debug|x86.Build.0 = Debug|Win32
		{E9C7B2C4-6AC3-4991-86C3-7EBB623B909F}.Release|x64.ActiveCfg = Release|x64
		{E9C7B2C4-6AC3-4991-86C3-7EBB623B909F}.Release|x64.Build.0 = Release|x64
		{E9C7B2C4-6AC3-4991-86C3-7EBB623B909F}.Release|x86.ActiveCfg = Release|Win32
		{E9C7B2C4-6AC3-4991-86C3-7EBB623B909F}.Release|x86.Build.0 = Release|Win32
		{BF7DAF66-B870-4223-A037-8231205D11D7}.Debug|x64.ActiveCfg = Debug|x64
		{BF7DAF66-B870-4223-A037-8231205D11D7}.Debug|x64.Build.0 = Debug|x64
		{BF7DAF66-B870-4223-A037-8231205D11D7}.Debug|x86.ActiveCfg = Debug|Win32
		{BF7DAF66-B870-4223-A037-8231205D11D7}.Debug|x86.Build.0 = Debug|Win32
		{BF7DAF66-B870-4223-A037-8231205D11D7}.Release|x64.ActiveCfg = Release|x64
		{BF7DAF66-B870-4223-A037-8231205D11D7}.Release|x64.Build.0 = Release|x64
		{BF7DAF66-B870-4223-A037-8231205D11D7}.Release|x86.ActiveCfg = Release|Win32
		{BF7DAF66-B870-4223-A037-8231205D11D7}.Release|x86.Build.0 = Release|Win32
		{920084C9-992F-44B2-8006-8793F051C688}.Debug|x64.ActiveCfg = Debug|x64
		{920084C9-992F-44B2-8006-8793F051C688}.Debug|x64.Build.0 = Debug|x64
		{920084C9-992F-44B2-8006-8793F051C688}.Debug|x86.ActiveCfg = Debug|Win32
		{920084C9-992F-44B2-8006-8793F051C688}.Debug|x86.Build.0 = Debug|Win32
		{920084C9-992F-44B2-8006-8793F051C688}.Release|x64.ActiveCfg = Release|x64
		{920084C9-992F-44B2-8006-8793F051C688}.Release|x64.Build.0 = Release|x64
		{920084C9-992F-44B2-8006-8793F051C688}.Release|x86.ActiveCfg = Release|Win32
		{920084C9-992F-44B2-8006-8793F051C688}.Release|x86.Build.0 = Release|Win32
		{452EEC68-44BB-4346-BD00-8D51D1109591}.Debug|x64.ActiveCfg = Debug|x64
		{452EEC68-44BB-4346-BD00-8D51D1109591}.Debug|x64.Build.0 = Debug|x64
		{452EEC68-44BB-4346-BD00-8D51D1109591}.Debug|x86.ActiveCfg = Debug|Win32
		{452EEC68-44BB-4346-BD00-8D51D1109591}.Debug|x86.Build.0 = Debug|Win32
		{452EEC68-44BB-4346-BD00-8D51D1109591}.Release|x64.ActiveCfg = Release|x64
		{452EEC68-44BB-4346-BD00-8D51D1109591}.Release|x64.Build.0 = Release|x64
		{452EEC68-44BB-4346-BD00-8D51D1109591}.Release|x86.ActiveCfg = Release|Win32
		{452EEC68-44BB-4346-BD00-8D51D1109591}.Release|x86.Build.0 = Release|Win32
		{3889DE92-2D85-4806-8451-EBDE1E161E29}.Debug|x64.ActiveCfg = Debug|x64
		{3889DE92-2D85-4806-8451-EBDE1E161E29}.Debug|x64.Build.0 = Debug|x64
		{3889DE92-2D85-4806-8451-EBDE1E161E29}.Debug|x86.ActiveCfg = Debug|Win32
		{3889DE92-2D85-4806-8451-EBDE1E161E29}.Debug|x86.Build.0 = Debug|Win32
		{3889DE92-2D85-4806-8451-EBDE1E161E29}.Release|x64.ActiveCfg = Release|x64
		{3889DE92-2D85-4806-8451-EBDE1E161E29}.Release|x64.Build.0 = Release|x64
		{3889DE92-2D85-4806-8451-EBDE1E161E29}.Release|x86.ActiveCfg = Release|Win32
		{3889DE92-2D85-4806-8451-EBDE1E161E29}.Release|x86.Build.0 = Release|Win32
		{96FF60A4-0EE6-437F-8563-B26F0326511F}.Debug|x64.ActiveCfg = Debug|x64
		{96FF60A4-0EE6-437F-8563-B26F0326511F}.Debug|x64.Build.0 = Debug|x64
		{96FF60A4-0EE6-437F-8563-B26F0326511F}.Debug|x86.ActiveCfg = Debug|Win32
		{96FF60A4-0EE6-437F-8563-B26F0326511F}.Debug|x86.Build.0 = Debug|Win32
		{96FF60A4-0EE6-437F-8563-B26F0326511F}.Release|x64.ActiveCfg = Release|x64
		{96FF60A4-0EE6-437F-8563-B26F0326511F}.Release|x64.Build.0 = Release|x64
		{96FF60A4-0EE6-437F-8563-B26F0326511F}.Release|x86.ActiveCfg = Release|Win32
		{96FF60A4-0EE6-437F-8563-B26F0326511F}.Release|x86.Build.0 = Release|Win32
		{E58E4ABE-3F4F-4FB4-9516-7D9334646EDD}.Debug|x64.ActiveCfg = Debug|x64
		{E58E4ABE-3F4F-4FB4-9516-7D9334646EDD}.Debug|x64.Build.0 = Debug|x64
		{E58E4ABE-3F4F-4FB4-9516-7D9334646EDD}.Debug|x86.ActiveCfg = Debug|Win32
		{E58E4ABE-3F4F-4FB4-9516-7D9334646EDD}.Debug|x86.Build.0 = Debug|Win32
		{E58E4ABE-3F4F-4FB4-9516-7D9334646EDD}.Release|x64.ActiveCfg = Release|x64
		{E58E4ABE-3F4F-4FB4-9516-7D9334646EDD}.Release|x64.Build.0 = Release|x64
		{E58E4ABE-3F4F-4FB4-9516-7D9334646EDD}.Release|x86.ActiveCfg = Release|Win32
		{E58E4ABE-3F4F-4FB4-9516-7D9334646EDD}.Release|x86.Build.0 = Release|Win32
		{8ED62BA0-5E68-4AD8-876E-6A8122FE8C0F}.Debug|x64.ActiveCfg = Debug|x64
		{8ED62BA0-5E68-4AD8-876E-6A8122FE8C0F}.Debug|x64.Build.0 = Debug|x64
		{8ED62BA0-5E68-4AD8-876E-6A8122FE8C0F}.Debug|x86.ActiveCfg = Debug|Win32
		{8ED62BA0-5E68-4AD8-876E-6A8122FE8C0F}.Debug|x86.Build.0 = Debug|Win32
		{8ED62BA0-5E68-4AD8-876E-6A8122FE8C0F}.Release|x64.ActiveCfg = Release|x64
		{8ED62BA0-5E68-4AD8-876E-6A8122FE8C0F}.Release|x64.Build.0 = Release|x64
		{8ED62BA0-5E68-4AD8-876E-6A8122FE8C0F}.Release|x86.ActiveCfg = Release|Win32
		{8ED62BA0-5E68-4AD8-876E-6A8122FE8C0F}.Release|x86.Build.0 = Release|Win32
		{AE095311-4FCD-4586-855B-8DC834198D0D}.Debug|x64.ActiveCfg = Debug|x64
		{AE095311-4FCD-4586-855B-8DC834198D0D}.Debug|x64.Build.0 = Debug|x64
		{AE095311-4FCD-4586-855B-8DC834198D0D}.Debug|x86.ActiveCfg = Debug|Win32
		{AE095311-4FCD-4586-855B-8DC834198D0D}.Debug|x86.Build.0 = Debug|Win32
		{AE095311-4FCD-4586-855B-8DC834198D0D}.Release|x64.ActiveCfg = Release|x64
		{AE095311-4FCD-4586-855B-8DC834198D0D}.Release|x64.Build.0 = Release|x64
		{AE095311-4FCD-4586-855B-8DC834198D0D}.Release|x86.ActiveCfg = Release|Win32
		{AE095311-4FCD-4586-855B-8DC834198D0D}.Release|x86.Build.0 = Release|Win32
		{5946DF4E-AAE6-4BD4-BB2E-33E0072C41F2}.Debug|x64.ActiveCfg = Debug|x64
		{5946DF4E-AAE6-4BD4-BB2E-33E0072C41F2}.Debug|x64.Build.0 = Debug|x64
		{5946DF4E-AAE6-4BD4-BB2E-33E0072C41F2}.Debug|x86.ActiveCfg = Debug|Win32
		{5946DF4E-AAE6-4BD4-BB2E-33E0072C41F2}.Debug|x86.Build.0 = Debug|Win32
		{5946DF4E-AAE6-4BD4-BB2E-33E0072C41F2}.Release|x64.ActiveCfg = Release|x64
		{5946DF4E-AAE6-4BD4-BB2E-33E0072C41F2}.Release|x64.Build.0 = Release|x64
		{5946DF4E-AAE6-4BD4-BB2E-33E0072C41F2}.Release|x86.ActiveCfg = Release|Win32
		{5946DF4E-AAE6-4BD4-BB2E-33E0072C41F2}.Release|x86.Build.0 = Release|Win32
		{1474AFAE-91D7-4241-AFB1-4BC190761996}.Debug|x64.ActiveCfg = Debug|x64
		{1474AFAE-91D7-4241-AFB1-4BC190761996}.Debug|x64.Build.0 = Debug|x64
		{1474AFAE-91D7-4241-AFB1-4BC190761996}.Debug|x86.ActiveCfg = Debug|Win32
		{1474AFAE-91D7-4241-AFB1-4BC190761996}.Debug|x86.Build.0 = Debug|Win32
		{1474AFAE-91D7-4241-AFB1-4BC190761996}.Release|x64.ActiveCfg = Release|x64
		{1474AFAE-91D7-4241-AFB1-4BC190761996}.Release|x64.Build.0 = Release|x64
		{1474AFAE-91D7-4241-AFB1-4BC190761996}.Release|x86.ActiveCfg = Release|Win32
		{1474AFAE-91D7-4241-AFB1-4BC190761996}.Release|x86.Build.0 = Release|Win32
	EndGlobalSection
	GlobalSection(SolutionProperties) = preSolution
		HideSolutionNode = FALSE
	EndGlobalSection
	GlobalSection(ExtensibilityGlobals) = postSolution
		SolutionGuid = {DAEBF326-1A3B-441C-AAF4-94173AC89C27}
	EndGlobalSection
EndGlobal
