
Microsoft Visual Studio Solution File, Format Version 12.00
# Visual Studio Version 16
VisualStudioVersion = 16.0.30104.148
MinimumVisualStudioVersion = 10.0.40219.1
Project("{8BC9CEB8-8B4A-11D0-8D11-00A0C91BC942}") = "Day005", "Day005\Day005.vcxproj", "{FD7229B5-74DB-47E7-AC48-19E5EFE224D6}"
EndProject
Project("{8BC9CEB8-8B4A-11D0-8D11-00A0C91BC942}") = "Variable_1", "Variable_1\Variable_1.vcxproj", "{BE96AFE5-54AF-46FB-8DB0-E016A856CCBB}"
EndProject
Project("{8BC9CEB8-8B4A-11D0-8D11-00A0C91BC942}") = "variable_2", "variable_2\variable_2.vcxproj", "{C91A099F-2140-48A5-B17D-10FA110F61DE}"
EndProject
Project("{8BC9CEB8-8B4A-11D0-8D11-00A0C91BC942}") = "variable_3", "variable_3\variable_3.vcxproj", "{5E732ADA-CF2C-4B64-BD2D-F8A676761BFB}"
EndProject
Project("{8BC9CEB8-8B4A-11D0-8D11-00A0C91BC942}") = "variable_4", "variable_4\variable_4.vcxproj", "{8DB6B207-92BA-4F71-BD59-59EA97A09DD9}"
EndProject
Project("{8BC9CEB8-8B4A-11D0-8D11-00A0C91BC942}") = "variable_5", "variable_5\variable_5.vcxproj", "{91892490-480E-4CCB-93B6-4D365A26B565}"
EndProject
Project("{8BC9CEB8-8B4A-11D0-8D11-00A0C91BC942}") = "variable_6", "variable_6\variable_6.vcxproj", "{0960E80E-A752-4691-854D-BA580AE5EEDF}"
EndProject
Project("{8BC9CEB8-8B4A-11D0-8D11-00A0C91BC942}") = "Coffee_1", "Copy_1\Copy_1.vcxproj", "{7C85A3EC-1520-4243-BE82-18F52F7B5592}"
EndProject
Project("{8BC9CEB8-8B4A-11D0-8D11-00A0C91BC942}") = "Coffee_3", "Coffee_3\Coffee_3.vcxproj", "{23DAEB2C-B15A-4FEE-816C-9C2C31767DA7}"
EndProject
Project("{8BC9CEB8-8B4A-11D0-8D11-00A0C91BC942}") = "Coffee_4", "Coffee_4\Coffee_4.vcxproj", "{14041909-D597-4BE4-9F1A-2C88BBD2E9A6}"
EndProject
Project("{8BC9CEB8-8B4A-11D0-8D11-00A0C91BC942}") = "Exam_01", "Exam_01\Exam_01.vcxproj", "{808BE811-DD16-4886-8AFD-725350C5DD20}"
EndProject
Project("{8BC9CEB8-8B4A-11D0-8D11-00A0C91BC942}") = "Bank", "Bank\Bank.vcxproj", "{B9F785C9-B132-497E-BC50-3DC0C577582B}"
EndProject
Project("{8BC9CEB8-8B4A-11D0-8D11-00A0C91BC942}") = "Bank2", "Bank2\Bank2.vcxproj", "{C0C1932A-EF72-42B7-870F-17CC3CD9F522}"
EndProject
Project("{8BC9CEB8-8B4A-11D0-8D11-00A0C91BC942}") = "Bank3", "Bank3\Bank3.vcxproj", "{5ABE0FE3-E420-4998-BFC3-7D1295BF80EB}"
EndProject
Project("{8BC9CEB8-8B4A-11D0-8D11-00A0C91BC942}") = "Hotel", "Hotel\Hotel.vcxproj", "{63F27B55-A903-4236-BC45-4663100798D9}"
EndProject
Project("{8BC9CEB8-8B4A-11D0-8D11-00A0C91BC942}") = "Project1", "Project1\Project1.vcxproj", "{939306E3-8674-4D79-8A93-F6870023B777}"
EndProject
Project("{8BC9CEB8-8B4A-11D0-8D11-00A0C91BC942}") = "Project2", "Project2\Project2.vcxproj", "{26AC6EB5-BEE8-45AA-9F8C-8906A77CEAD8}"
EndProject
Project("{8BC9CEB8-8B4A-11D0-8D11-00A0C91BC942}") = "Project3", "Project3\Project3.vcxproj", "{48E04692-362A-498E-A5F3-BD19976048DC}"
EndProject
Project("{8BC9CEB8-8B4A-11D0-8D11-00A0C91BC942}") = "Project4", "Project4\Project4.vcxproj", "{94F8B9C9-CD7F-4D0E-884F-89693A256ABA}"
EndProject
Project("{8BC9CEB8-8B4A-11D0-8D11-00A0C91BC942}") = "Project5", "Project5\Project5.vcxproj", "{B43BD867-8E78-4074-B69A-777B2242A50B}"
EndProject
Project("{8BC9CEB8-8B4A-11D0-8D11-00A0C91BC942}") = "Project6", "Project6\Project6.vcxproj", "{5CAD330B-27FF-400C-93DC-A8A8BFC80481}"
EndProject
Project("{8BC9CEB8-8B4A-11D0-8D11-00A0C91BC942}") = "Project7", "Project7\Project7.vcxproj", "{0CCFD80B-2DB4-42A4-8E41-2217BAE6EB7B}"
EndProject
Global
	GlobalSection(SolutionConfigurationPlatforms) = preSolution
		Debug|x64 = Debug|x64
		Debug|x86 = Debug|x86
		Release|x64 = Release|x64
		Release|x86 = Release|x86
	EndGlobalSection
	GlobalSection(ProjectConfigurationPlatforms) = postSolution
		{FD7229B5-74DB-47E7-AC48-19E5EFE224D6}.Debug|x64.ActiveCfg = Debug|x64
		{FD7229B5-74DB-47E7-AC48-19E5EFE224D6}.Debug|x64.Build.0 = Debug|x64
		{FD7229B5-74DB-47E7-AC48-19E5EFE224D6}.Debug|x86.ActiveCfg = Debug|Win32
		{FD7229B5-74DB-47E7-AC48-19E5EFE224D6}.Debug|x86.Build.0 = Debug|Win32
		{FD7229B5-74DB-47E7-AC48-19E5EFE224D6}.Release|x64.ActiveCfg = Release|x64
		{FD7229B5-74DB-47E7-AC48-19E5EFE224D6}.Release|x64.Build.0 = Release|x64
		{FD7229B5-74DB-47E7-AC48-19E5EFE224D6}.Release|x86.ActiveCfg = Release|Win32
		{FD7229B5-74DB-47E7-AC48-19E5EFE224D6}.Release|x86.Build.0 = Release|Win32
		{BE96AFE5-54AF-46FB-8DB0-E016A856CCBB}.Debug|x64.ActiveCfg = Debug|x64
		{BE96AFE5-54AF-46FB-8DB0-E016A856CCBB}.Debug|x64.Build.0 = Debug|x64
		{BE96AFE5-54AF-46FB-8DB0-E016A856CCBB}.Debug|x86.ActiveCfg = Debug|Win32
		{BE96AFE5-54AF-46FB-8DB0-E016A856CCBB}.Debug|x86.Build.0 = Debug|Win32
		{BE96AFE5-54AF-46FB-8DB0-E016A856CCBB}.Release|x64.ActiveCfg = Release|x64
		{BE96AFE5-54AF-46FB-8DB0-E016A856CCBB}.Release|x64.Build.0 = Release|x64
		{BE96AFE5-54AF-46FB-8DB0-E016A856CCBB}.Release|x86.ActiveCfg = Release|Win32
		{BE96AFE5-54AF-46FB-8DB0-E016A856CCBB}.Release|x86.Build.0 = Release|Win32
		{C91A099F-2140-48A5-B17D-10FA110F61DE}.Debug|x64.ActiveCfg = Debug|x64
		{C91A099F-2140-48A5-B17D-10FA110F61DE}.Debug|x64.Build.0 = Debug|x64
		{C91A099F-2140-48A5-B17D-10FA110F61DE}.Debug|x86.ActiveCfg = Debug|Win32
		{C91A099F-2140-48A5-B17D-10FA110F61DE}.Debug|x86.Build.0 = Debug|Win32
		{C91A099F-2140-48A5-B17D-10FA110F61DE}.Release|x64.ActiveCfg = Release|x64
		{C91A099F-2140-48A5-B17D-10FA110F61DE}.Release|x64.Build.0 = Release|x64
		{C91A099F-2140-48A5-B17D-10FA110F61DE}.Release|x86.ActiveCfg = Release|Win32
		{C91A099F-2140-48A5-B17D-10FA110F61DE}.Release|x86.Build.0 = Release|Win32
		{5E732ADA-CF2C-4B64-BD2D-F8A676761BFB}.Debug|x64.ActiveCfg = Debug|x64
		{5E732ADA-CF2C-4B64-BD2D-F8A676761BFB}.Debug|x64.Build.0 = Debug|x64
		{5E732ADA-CF2C-4B64-BD2D-F8A676761BFB}.Debug|x86.ActiveCfg = Debug|Win32
		{5E732ADA-CF2C-4B64-BD2D-F8A676761BFB}.Debug|x86.Build.0 = Debug|Win32
		{5E732ADA-CF2C-4B64-BD2D-F8A676761BFB}.Release|x64.ActiveCfg = Release|x64
		{5E732ADA-CF2C-4B64-BD2D-F8A676761BFB}.Release|x64.Build.0 = Release|x64
		{5E732ADA-CF2C-4B64-BD2D-F8A676761BFB}.Release|x86.ActiveCfg = Release|Win32
		{5E732ADA-CF2C-4B64-BD2D-F8A676761BFB}.Release|x86.Build.0 = Release|Win32
		{8DB6B207-92BA-4F71-BD59-59EA97A09DD9}.Debug|x64.ActiveCfg = Debug|x64
		{8DB6B207-92BA-4F71-BD59-59EA97A09DD9}.Debug|x64.Build.0 = Debug|x64
		{8DB6B207-92BA-4F71-BD59-59EA97A09DD9}.Debug|x86.ActiveCfg = Debug|Win32
		{8DB6B207-92BA-4F71-BD59-59EA97A09DD9}.Debug|x86.Build.0 = Debug|Win32
		{8DB6B207-92BA-4F71-BD59-59EA97A09DD9}.Release|x64.ActiveCfg = Release|x64
		{8DB6B207-92BA-4F71-BD59-59EA97A09DD9}.Release|x64.Build.0 = Release|x64
		{8DB6B207-92BA-4F71-BD59-59EA97A09DD9}.Release|x86.ActiveCfg = Release|Win32
		{8DB6B207-92BA-4F71-BD59-59EA97A09DD9}.Release|x86.Build.0 = Release|Win32
		{91892490-480E-4CCB-93B6-4D365A26B565}.Debug|x64.ActiveCfg = Debug|x64
		{91892490-480E-4CCB-93B6-4D365A26B565}.Debug|x64.Build.0 = Debug|x64
		{91892490-480E-4CCB-93B6-4D365A26B565}.Debug|x86.ActiveCfg = Debug|Win32
		{91892490-480E-4CCB-93B6-4D365A26B565}.Debug|x86.Build.0 = Debug|Win32
		{91892490-480E-4CCB-93B6-4D365A26B565}.Release|x64.ActiveCfg = Release|x64
		{91892490-480E-4CCB-93B6-4D365A26B565}.Release|x64.Build.0 = Release|x64
		{91892490-480E-4CCB-93B6-4D365A26B565}.Release|x86.ActiveCfg = Release|Win32
		{91892490-480E-4CCB-93B6-4D365A26B565}.Release|x86.Build.0 = Release|Win32
		{0960E80E-A752-4691-854D-BA580AE5EEDF}.Debug|x64.ActiveCfg = Debug|x64
		{0960E80E-A752-4691-854D-BA580AE5EEDF}.Debug|x64.Build.0 = Debug|x64
		{0960E80E-A752-4691-854D-BA580AE5EEDF}.Debug|x86.ActiveCfg = Debug|Win32
		{0960E80E-A752-4691-854D-BA580AE5EEDF}.Debug|x86.Build.0 = Debug|Win32
		{0960E80E-A752-4691-854D-BA580AE5EEDF}.Release|x64.ActiveCfg = Release|x64
		{0960E80E-A752-4691-854D-BA580AE5EEDF}.Release|x64.Build.0 = Release|x64
		{0960E80E-A752-4691-854D-BA580AE5EEDF}.Release|x86.ActiveCfg = Release|Win32
		{0960E80E-A752-4691-854D-BA580AE5EEDF}.Release|x86.Build.0 = Release|Win32
		{7C85A3EC-1520-4243-BE82-18F52F7B5592}.Debug|x64.ActiveCfg = Debug|x64
		{7C85A3EC-1520-4243-BE82-18F52F7B5592}.Debug|x64.Build.0 = Debug|x64
		{7C85A3EC-1520-4243-BE82-18F52F7B5592}.Debug|x86.ActiveCfg = Debug|Win32
		{7C85A3EC-1520-4243-BE82-18F52F7B5592}.Debug|x86.Build.0 = Debug|Win32
		{7C85A3EC-1520-4243-BE82-18F52F7B5592}.Release|x64.ActiveCfg = Release|x64
		{7C85A3EC-1520-4243-BE82-18F52F7B5592}.Release|x64.Build.0 = Release|x64
		{7C85A3EC-1520-4243-BE82-18F52F7B5592}.Release|x86.ActiveCfg = Release|Win32
		{7C85A3EC-1520-4243-BE82-18F52F7B5592}.Release|x86.Build.0 = Release|Win32
		{23DAEB2C-B15A-4FEE-816C-9C2C31767DA7}.Debug|x64.ActiveCfg = Debug|x64
		{23DAEB2C-B15A-4FEE-816C-9C2C31767DA7}.Debug|x64.Build.0 = Debug|x64
		{23DAEB2C-B15A-4FEE-816C-9C2C31767DA7}.Debug|x86.ActiveCfg = Debug|Win32
		{23DAEB2C-B15A-4FEE-816C-9C2C31767DA7}.Debug|x86.Build.0 = Debug|Win32
		{23DAEB2C-B15A-4FEE-816C-9C2C31767DA7}.Release|x64.ActiveCfg = Release|x64
		{23DAEB2C-B15A-4FEE-816C-9C2C31767DA7}.Release|x64.Build.0 = Release|x64
		{23DAEB2C-B15A-4FEE-816C-9C2C31767DA7}.Release|x86.ActiveCfg = Release|Win32
		{23DAEB2C-B15A-4FEE-816C-9C2C31767DA7}.Release|x86.Build.0 = Release|Win32
		{14041909-D597-4BE4-9F1A-2C88BBD2E9A6}.Debug|x64.ActiveCfg = Debug|x64
		{14041909-D597-4BE4-9F1A-2C88BBD2E9A6}.Debug|x64.Build.0 = Debug|x64
		{14041909-D597-4BE4-9F1A-2C88BBD2E9A6}.Debug|x86.ActiveCfg = Debug|Win32
		{14041909-D597-4BE4-9F1A-2C88BBD2E9A6}.Debug|x86.Build.0 = Debug|Win32
		{14041909-D597-4BE4-9F1A-2C88BBD2E9A6}.Release|x64.ActiveCfg = Release|x64
		{14041909-D597-4BE4-9F1A-2C88BBD2E9A6}.Release|x64.Build.0 = Release|x64
		{14041909-D597-4BE4-9F1A-2C88BBD2E9A6}.Release|x86.ActiveCfg = Release|Win32
		{14041909-D597-4BE4-9F1A-2C88BBD2E9A6}.Release|x86.Build.0 = Release|Win32
		{808BE811-DD16-4886-8AFD-725350C5DD20}.Debug|x64.ActiveCfg = Debug|x64
		{808BE811-DD16-4886-8AFD-725350C5DD20}.Debug|x64.Build.0 = Debug|x64
		{808BE811-DD16-4886-8AFD-725350C5DD20}.Debug|x86.ActiveCfg = Debug|Win32
		{808BE811-DD16-4886-8AFD-725350C5DD20}.Debug|x86.Build.0 = Debug|Win32
		{808BE811-DD16-4886-8AFD-725350C5DD20}.Release|x64.ActiveCfg = Release|x64
		{808BE811-DD16-4886-8AFD-725350C5DD20}.Release|x64.Build.0 = Release|x64
		{808BE811-DD16-4886-8AFD-725350C5DD20}.Release|x86.ActiveCfg = Release|Win32
		{808BE811-DD16-4886-8AFD-725350C5DD20}.Release|x86.Build.0 = Release|Win32
		{B9F785C9-B132-497E-BC50-3DC0C577582B}.Debug|x64.ActiveCfg = Debug|x64
		{B9F785C9-B132-497E-BC50-3DC0C577582B}.Debug|x64.Build.0 = Debug|x64
		{B9F785C9-B132-497E-BC50-3DC0C577582B}.Debug|x86.ActiveCfg = Debug|Win32
		{B9F785C9-B132-497E-BC50-3DC0C577582B}.Debug|x86.Build.0 = Debug|Win32
		{B9F785C9-B132-497E-BC50-3DC0C577582B}.Release|x64.ActiveCfg = Release|x64
		{B9F785C9-B132-497E-BC50-3DC0C577582B}.Release|x64.Build.0 = Release|x64
		{B9F785C9-B132-497E-BC50-3DC0C577582B}.Release|x86.ActiveCfg = Release|Win32
		{B9F785C9-B132-497E-BC50-3DC0C577582B}.Release|x86.Build.0 = Release|Win32
		{C0C1932A-EF72-42B7-870F-17CC3CD9F522}.Debug|x64.ActiveCfg = Debug|x64
		{C0C1932A-EF72-42B7-870F-17CC3CD9F522}.Debug|x64.Build.0 = Debug|x64
		{C0C1932A-EF72-42B7-870F-17CC3CD9F522}.Debug|x86.ActiveCfg = Debug|Win32
		{C0C1932A-EF72-42B7-870F-17CC3CD9F522}.Debug|x86.Build.0 = Debug|Win32
		{C0C1932A-EF72-42B7-870F-17CC3CD9F522}.Release|x64.ActiveCfg = Release|x64
		{C0C1932A-EF72-42B7-870F-17CC3CD9F522}.Release|x64.Build.0 = Release|x64
		{C0C1932A-EF72-42B7-870F-17CC3CD9F522}.Release|x86.ActiveCfg = Release|Win32
		{C0C1932A-EF72-42B7-870F-17CC3CD9F522}.Release|x86.Build.0 = Release|Win32
		{5ABE0FE3-E420-4998-BFC3-7D1295BF80EB}.Debug|x64.ActiveCfg = Debug|x64
		{5ABE0FE3-E420-4998-BFC3-7D1295BF80EB}.Debug|x64.Build.0 = Debug|x64
		{5ABE0FE3-E420-4998-BFC3-7D1295BF80EB}.Debug|x86.ActiveCfg = Debug|Win32
		{5ABE0FE3-E420-4998-BFC3-7D1295BF80EB}.Debug|x86.Build.0 = Debug|Win32
		{5ABE0FE3-E420-4998-BFC3-7D1295BF80EB}.Release|x64.ActiveCfg = Release|x64
		{5ABE0FE3-E420-4998-BFC3-7D1295BF80EB}.Release|x64.Build.0 = Release|x64
		{5ABE0FE3-E420-4998-BFC3-7D1295BF80EB}.Release|x86.ActiveCfg = Release|Win32
		{5ABE0FE3-E420-4998-BFC3-7D1295BF80EB}.Release|x86.Build.0 = Release|Win32
		{63F27B55-A903-4236-BC45-4663100798D9}.Debug|x64.ActiveCfg = Debug|x64
		{63F27B55-A903-4236-BC45-4663100798D9}.Debug|x64.Build.0 = Debug|x64
		{63F27B55-A903-4236-BC45-4663100798D9}.Debug|x86.ActiveCfg = Debug|Win32
		{63F27B55-A903-4236-BC45-4663100798D9}.Debug|x86.Build.0 = Debug|Win32
		{63F27B55-A903-4236-BC45-4663100798D9}.Release|x64.ActiveCfg = Release|x64
		{63F27B55-A903-4236-BC45-4663100798D9}.Release|x64.Build.0 = Release|x64
		{63F27B55-A903-4236-BC45-4663100798D9}.Release|x86.ActiveCfg = Release|Win32
		{63F27B55-A903-4236-BC45-4663100798D9}.Release|x86.Build.0 = Release|Win32
		{939306E3-8674-4D79-8A93-F6870023B777}.Debug|x64.ActiveCfg = Debug|x64
		{939306E3-8674-4D79-8A93-F6870023B777}.Debug|x64.Build.0 = Debug|x64
		{939306E3-8674-4D79-8A93-F6870023B777}.Debug|x86.ActiveCfg = Debug|Win32
		{939306E3-8674-4D79-8A93-F6870023B777}.Debug|x86.Build.0 = Debug|Win32
		{939306E3-8674-4D79-8A93-F6870023B777}.Release|x64.ActiveCfg = Release|x64
		{939306E3-8674-4D79-8A93-F6870023B777}.Release|x64.Build.0 = Release|x64
		{939306E3-8674-4D79-8A93-F6870023B777}.Release|x86.ActiveCfg = Release|Win32
		{939306E3-8674-4D79-8A93-F6870023B777}.Release|x86.Build.0 = Release|Win32
		{26AC6EB5-BEE8-45AA-9F8C-8906A77CEAD8}.Debug|x64.ActiveCfg = Debug|x64
		{26AC6EB5-BEE8-45AA-9F8C-8906A77CEAD8}.Debug|x64.Build.0 = Debug|x64
		{26AC6EB5-BEE8-45AA-9F8C-8906A77CEAD8}.Debug|x86.ActiveCfg = Debug|Win32
		{26AC6EB5-BEE8-45AA-9F8C-8906A77CEAD8}.Debug|x86.Build.0 = Debug|Win32
		{26AC6EB5-BEE8-45AA-9F8C-8906A77CEAD8}.Release|x64.ActiveCfg = Release|x64
		{26AC6EB5-BEE8-45AA-9F8C-8906A77CEAD8}.Release|x64.Build.0 = Release|x64
		{26AC6EB5-BEE8-45AA-9F8C-8906A77CEAD8}.Release|x86.ActiveCfg = Release|Win32
		{26AC6EB5-BEE8-45AA-9F8C-8906A77CEAD8}.Release|x86.Build.0 = Release|Win32
		{48E04692-362A-498E-A5F3-BD19976048DC}.Debug|x64.ActiveCfg = Debug|x64
		{48E04692-362A-498E-A5F3-BD19976048DC}.Debug|x64.Build.0 = Debug|x64
		{48E04692-362A-498E-A5F3-BD19976048DC}.Debug|x86.ActiveCfg = Debug|Win32
		{48E04692-362A-498E-A5F3-BD19976048DC}.Debug|x86.Build.0 = Debug|Win32
		{48E04692-362A-498E-A5F3-BD19976048DC}.Release|x64.ActiveCfg = Release|x64
		{48E04692-362A-498E-A5F3-BD19976048DC}.Release|x64.Build.0 = Release|x64
		{48E04692-362A-498E-A5F3-BD19976048DC}.Release|x86.ActiveCfg = Release|Win32
		{48E04692-362A-498E-A5F3-BD19976048DC}.Release|x86.Build.0 = Release|Win32
		{94F8B9C9-CD7F-4D0E-884F-89693A256ABA}.Debug|x64.ActiveCfg = Debug|x64
		{94F8B9C9-CD7F-4D0E-884F-89693A256ABA}.Debug|x64.Build.0 = Debug|x64
		{94F8B9C9-CD7F-4D0E-884F-89693A256ABA}.Debug|x86.ActiveCfg = Debug|Win32
		{94F8B9C9-CD7F-4D0E-884F-89693A256ABA}.Debug|x86.Build.0 = Debug|Win32
		{94F8B9C9-CD7F-4D0E-884F-89693A256ABA}.Release|x64.ActiveCfg = Release|x64
		{94F8B9C9-CD7F-4D0E-884F-89693A256ABA}.Release|x64.Build.0 = Release|x64
		{94F8B9C9-CD7F-4D0E-884F-89693A256ABA}.Release|x86.ActiveCfg = Release|Win32
		{94F8B9C9-CD7F-4D0E-884F-89693A256ABA}.Release|x86.Build.0 = Release|Win32
		{B43BD867-8E78-4074-B69A-777B2242A50B}.Debug|x64.ActiveCfg = Debug|x64
		{B43BD867-8E78-4074-B69A-777B2242A50B}.Debug|x64.Build.0 = Debug|x64
		{B43BD867-8E78-4074-B69A-777B2242A50B}.Debug|x86.ActiveCfg = Debug|Win32
		{B43BD867-8E78-4074-B69A-777B2242A50B}.Debug|x86.Build.0 = Debug|Win32
		{B43BD867-8E78-4074-B69A-777B2242A50B}.Release|x64.ActiveCfg = Release|x64
		{B43BD867-8E78-4074-B69A-777B2242A50B}.Release|x64.Build.0 = Release|x64
		{B43BD867-8E78-4074-B69A-777B2242A50B}.Release|x86.ActiveCfg = Release|Win32
		{B43BD867-8E78-4074-B69A-777B2242A50B}.Release|x86.Build.0 = Release|Win32
		{5CAD330B-27FF-400C-93DC-A8A8BFC80481}.Debug|x64.ActiveCfg = Debug|x64
		{5CAD330B-27FF-400C-93DC-A8A8BFC80481}.Debug|x64.Build.0 = Debug|x64
		{5CAD330B-27FF-400C-93DC-A8A8BFC80481}.Debug|x86.ActiveCfg = Debug|Win32
		{5CAD330B-27FF-400C-93DC-A8A8BFC80481}.Debug|x86.Build.0 = Debug|Win32
		{5CAD330B-27FF-400C-93DC-A8A8BFC80481}.Release|x64.ActiveCfg = Release|x64
		{5CAD330B-27FF-400C-93DC-A8A8BFC80481}.Release|x64.Build.0 = Release|x64
		{5CAD330B-27FF-400C-93DC-A8A8BFC80481}.Release|x86.ActiveCfg = Release|Win32
		{5CAD330B-27FF-400C-93DC-A8A8BFC80481}.Release|x86.Build.0 = Release|Win32
		{0CCFD80B-2DB4-42A4-8E41-2217BAE6EB7B}.Debug|x64.ActiveCfg = Debug|x64
		{0CCFD80B-2DB4-42A4-8E41-2217BAE6EB7B}.Debug|x64.Build.0 = Debug|x64
		{0CCFD80B-2DB4-42A4-8E41-2217BAE6EB7B}.Debug|x86.ActiveCfg = Debug|Win32
		{0CCFD80B-2DB4-42A4-8E41-2217BAE6EB7B}.Debug|x86.Build.0 = Debug|Win32
		{0CCFD80B-2DB4-42A4-8E41-2217BAE6EB7B}.Release|x64.ActiveCfg = Release|x64
		{0CCFD80B-2DB4-42A4-8E41-2217BAE6EB7B}.Release|x64.Build.0 = Release|x64
		{0CCFD80B-2DB4-42A4-8E41-2217BAE6EB7B}.Release|x86.ActiveCfg = Release|Win32
		{0CCFD80B-2DB4-42A4-8E41-2217BAE6EB7B}.Release|x86.Build.0 = Release|Win32
	EndGlobalSection
	GlobalSection(SolutionProperties) = preSolution
		HideSolutionNode = FALSE
	EndGlobalSection
	GlobalSection(ExtensibilityGlobals) = postSolution
		SolutionGuid = {AF312056-C0D0-4A66-B943-A0901EF9CE73}
	EndGlobalSection
EndGlobal
