
Microsoft Visual Studio Solution File, Format Version 12.00
# Visual Studio Version 16
VisualStudioVersion = 16.0.30104.148
MinimumVisualStudioVersion = 10.0.40219.1
Project("{8BC9CEB8-8B4A-11D0-8D11-00A0C91BC942}") = "Day003", "Day003\Day003.vcxproj", "{C9A566F0-E114-46B3-83FC-2A1D573E8AE3}"
EndProject
Project("{8BC9CEB8-8B4A-11D0-8D11-00A0C91BC942}") = "Exam_01", "Exam_01\Exam_01.vcxproj", "{826391FE-557A-4194-BAF3-E118CF123194}"
EndProject
Project("{8BC9CEB8-8B4A-11D0-8D11-00A0C91BC942}") = "Exam_02", "Exam_02\Exam_02.vcxproj", "{CAA84BEB-C8A2-4046-B405-CFFEBBD1675B}"
EndProject
Project("{8BC9CEB8-8B4A-11D0-8D11-00A0C91BC942}") = "Exam_03", "Exam_03\Exam_03.vcxproj", "{AA95E42E-8B97-4B52-B823-6D41D15526CC}"
EndProject
Project("{8BC9CEB8-8B4A-11D0-8D11-00A0C91BC942}") = "Exam_04", "Exam_04\Exam_04.vcxproj", "{C6116219-F94F-4C2C-AAD1-12B7195E3B6B}"
EndProject
Project("{8BC9CEB8-8B4A-11D0-8D11-00A0C91BC942}") = "Exam_05", "Exam_05\Exam_05.vcxproj", "{6FC9F503-92BB-4238-82BD-CE5AF0B20141}"
EndProject
Project("{8BC9CEB8-8B4A-11D0-8D11-00A0C91BC942}") = "Exam_06", "Exam_06\Exam_06.vcxproj", "{A3F33466-DABE-4DB9-A3B6-C6CC113452F0}"
EndProject
Project("{8BC9CEB8-8B4A-11D0-8D11-00A0C91BC942}") = "Exam_07", "Exam_07\Exam_07.vcxproj", "{83582676-E17F-43DE-A743-D3642F6E612B}"
EndProject
Project("{8BC9CEB8-8B4A-11D0-8D11-00A0C91BC942}") = "Exam_08", "Exam_08\Exam_08.vcxproj", "{5D02F74D-2196-4BA7-A9C9-35CBDD369FF7}"
EndProject
Project("{8BC9CEB8-8B4A-11D0-8D11-00A0C91BC942}") = "Exam_09", "Exam_09\Exam_09.vcxproj", "{940AE573-D7ED-4A5F-9181-0E0CAC51B866}"
EndProject
Project("{8BC9CEB8-8B4A-11D0-8D11-00A0C91BC942}") = "Exam_10", "Exam_10\Exam_10.vcxproj", "{8422638C-5766-4692-B6F1-F8E77C53F872}"
EndProject
Project("{8BC9CEB8-8B4A-11D0-8D11-00A0C91BC942}") = "Exam_11", "Exam_11\Exam_11.vcxproj", "{5BEDF0B7-A4BC-446D-92AC-823EAB582F08}"
EndProject
Project("{8BC9CEB8-8B4A-11D0-8D11-00A0C91BC942}") = "Exam_12", "Exam_12\Exam_12.vcxproj", "{4BFBB0DB-B2CB-427F-AE32-E6621545FA2B}"
EndProject
Project("{8BC9CEB8-8B4A-11D0-8D11-00A0C91BC942}") = "Exam_13", "Exam-13\Exam-13.vcxproj", "{AA6275FF-9836-40CD-B47F-D2DAA231C204}"
EndProject
Project("{8BC9CEB8-8B4A-11D0-8D11-00A0C91BC942}") = "Exam_14", "Exam_14\Exam_14.vcxproj", "{FD7C2F69-FF36-42E9-AD23-278F447830D5}"
EndProject
Project("{8BC9CEB8-8B4A-11D0-8D11-00A0C91BC942}") = "Exam_15", "Exam_15\Exam_15.vcxproj", "{FDEFB2A6-5440-4C8F-A22B-8D2769D22EAC}"
EndProject
Project("{8BC9CEB8-8B4A-11D0-8D11-00A0C91BC942}") = "Exam_16", "Exam_16\Exam_16.vcxproj", "{14AA5A78-B608-4093-8B9B-46D02E490062}"
EndProject
Project("{8BC9CEB8-8B4A-11D0-8D11-00A0C91BC942}") = "Exam_17", "Exam_17\Exam_17.vcxproj", "{D3687ED3-ED95-4065-98A0-95CA9D4B63A8}"
EndProject
Project("{8BC9CEB8-8B4A-11D0-8D11-00A0C91BC942}") = "Fuction_01", "Fuction_01\Fuction_01.vcxproj", "{649CBA11-CB3C-4349-AF0F-7C5ED7006A5C}"
EndProject
Project("{8BC9CEB8-8B4A-11D0-8D11-00A0C91BC942}") = "Function_02", "Function-02\Function-02.vcxproj", "{F888E6F8-EA3D-4DF4-802D-832B42774EB3}"
EndProject
Project("{8BC9CEB8-8B4A-11D0-8D11-00A0C91BC942}") = "Function_03", "Function_03\Function_03.vcxproj", "{DFCEBE5B-8D06-4AC5-B573-C017CA8DDFE8}"
EndProject
Project("{8BC9CEB8-8B4A-11D0-8D11-00A0C91BC942}") = "Array_01", "Array_01\Array_01.vcxproj", "{14C1B4F9-BF32-4EDF-A9B4-52FE7EF79715}"
EndProject
Project("{8BC9CEB8-8B4A-11D0-8D11-00A0C91BC942}") = "Array_02", "Array_02\Array_02.vcxproj", "{42D59562-F753-47BC-89DA-C90996403A89}"
EndProject
Project("{8BC9CEB8-8B4A-11D0-8D11-00A0C91BC942}") = "Array_03", "Array_03\Array_03.vcxproj", "{6D0F70F1-C2F2-4ECA-A5EF-06E9D84946B1}"
EndProject
Project("{8BC9CEB8-8B4A-11D0-8D11-00A0C91BC942}") = "Array_04", "Array_04\Array_04.vcxproj", "{7A7DC1F6-5C5A-476D-BA55-3ACF748A5092}"
EndProject
Project("{8BC9CEB8-8B4A-11D0-8D11-00A0C91BC942}") = "Score", "Score\Score.vcxproj", "{0187E689-2300-4857-8EE7-4FFE4A247F80}"
EndProject
Global
	GlobalSection(SolutionConfigurationPlatforms) = preSolution
		Debug|x64 = Debug|x64
		Debug|x86 = Debug|x86
		Release|x64 = Release|x64
		Release|x86 = Release|x86
	EndGlobalSection
	GlobalSection(ProjectConfigurationPlatforms) = postSolution
		{C9A566F0-E114-46B3-83FC-2A1D573E8AE3}.Debug|x64.ActiveCfg = Debug|x64
		{C9A566F0-E114-46B3-83FC-2A1D573E8AE3}.Debug|x64.Build.0 = Debug|x64
		{C9A566F0-E114-46B3-83FC-2A1D573E8AE3}.Debug|x86.ActiveCfg = Debug|Win32
		{C9A566F0-E114-46B3-83FC-2A1D573E8AE3}.Debug|x86.Build.0 = Debug|Win32
		{C9A566F0-E114-46B3-83FC-2A1D573E8AE3}.Release|x64.ActiveCfg = Release|x64
		{C9A566F0-E114-46B3-83FC-2A1D573E8AE3}.Release|x64.Build.0 = Release|x64
		{C9A566F0-E114-46B3-83FC-2A1D573E8AE3}.Release|x86.ActiveCfg = Release|Win32
		{C9A566F0-E114-46B3-83FC-2A1D573E8AE3}.Release|x86.Build.0 = Release|Win32
		{826391FE-557A-4194-BAF3-E118CF123194}.Debug|x64.ActiveCfg = Debug|x64
		{826391FE-557A-4194-BAF3-E118CF123194}.Debug|x64.Build.0 = Debug|x64
		{826391FE-557A-4194-BAF3-E118CF123194}.Debug|x86.ActiveCfg = Debug|Win32
		{826391FE-557A-4194-BAF3-E118CF123194}.Debug|x86.Build.0 = Debug|Win32
		{826391FE-557A-4194-BAF3-E118CF123194}.Release|x64.ActiveCfg = Release|x64
		{826391FE-557A-4194-BAF3-E118CF123194}.Release|x64.Build.0 = Release|x64
		{826391FE-557A-4194-BAF3-E118CF123194}.Release|x86.ActiveCfg = Release|Win32
		{826391FE-557A-4194-BAF3-E118CF123194}.Release|x86.Build.0 = Release|Win32
		{CAA84BEB-C8A2-4046-B405-CFFEBBD1675B}.Debug|x64.ActiveCfg = Debug|x64
		{CAA84BEB-C8A2-4046-B405-CFFEBBD1675B}.Debug|x64.Build.0 = Debug|x64
		{CAA84BEB-C8A2-4046-B405-CFFEBBD1675B}.Debug|x86.ActiveCfg = Debug|Win32
		{CAA84BEB-C8A2-4046-B405-CFFEBBD1675B}.Debug|x86.Build.0 = Debug|Win32
		{CAA84BEB-C8A2-4046-B405-CFFEBBD1675B}.Release|x64.ActiveCfg = Release|x64
		{CAA84BEB-C8A2-4046-B405-CFFEBBD1675B}.Release|x64.Build.0 = Release|x64
		{CAA84BEB-C8A2-4046-B405-CFFEBBD1675B}.Release|x86.ActiveCfg = Release|Win32
		{CAA84BEB-C8A2-4046-B405-CFFEBBD1675B}.Release|x86.Build.0 = Release|Win32
		{AA95E42E-8B97-4B52-B823-6D41D15526CC}.Debug|x64.ActiveCfg = Debug|x64
		{AA95E42E-8B97-4B52-B823-6D41D15526CC}.Debug|x64.Build.0 = Debug|x64
		{AA95E42E-8B97-4B52-B823-6D41D15526CC}.Debug|x86.ActiveCfg = Debug|Win32
		{AA95E42E-8B97-4B52-B823-6D41D15526CC}.Debug|x86.Build.0 = Debug|Win32
		{AA95E42E-8B97-4B52-B823-6D41D15526CC}.Release|x64.ActiveCfg = Release|x64
		{AA95E42E-8B97-4B52-B823-6D41D15526CC}.Release|x64.Build.0 = Release|x64
		{AA95E42E-8B97-4B52-B823-6D41D15526CC}.Release|x86.ActiveCfg = Release|Win32
		{AA95E42E-8B97-4B52-B823-6D41D15526CC}.Release|x86.Build.0 = Release|Win32
		{C6116219-F94F-4C2C-AAD1-12B7195E3B6B}.Debug|x64.ActiveCfg = Debug|x64
		{C6116219-F94F-4C2C-AAD1-12B7195E3B6B}.Debug|x64.Build.0 = Debug|x64
		{C6116219-F94F-4C2C-AAD1-12B7195E3B6B}.Debug|x86.ActiveCfg = Debug|Win32
		{C6116219-F94F-4C2C-AAD1-12B7195E3B6B}.Debug|x86.Build.0 = Debug|Win32
		{C6116219-F94F-4C2C-AAD1-12B7195E3B6B}.Release|x64.ActiveCfg = Release|x64
		{C6116219-F94F-4C2C-AAD1-12B7195E3B6B}.Release|x64.Build.0 = Release|x64
		{C6116219-F94F-4C2C-AAD1-12B7195E3B6B}.Release|x86.ActiveCfg = Release|Win32
		{C6116219-F94F-4C2C-AAD1-12B7195E3B6B}.Release|x86.Build.0 = Release|Win32
		{6FC9F503-92BB-4238-82BD-CE5AF0B20141}.Debug|x64.ActiveCfg = Debug|x64
		{6FC9F503-92BB-4238-82BD-CE5AF0B20141}.Debug|x64.Build.0 = Debug|x64
		{6FC9F503-92BB-4238-82BD-CE5AF0B20141}.Debug|x86.ActiveCfg = Debug|Win32
		{6FC9F503-92BB-4238-82BD-CE5AF0B20141}.Debug|x86.Build.0 = Debug|Win32
		{6FC9F503-92BB-4238-82BD-CE5AF0B20141}.Release|x64.ActiveCfg = Release|x64
		{6FC9F503-92BB-4238-82BD-CE5AF0B20141}.Release|x64.Build.0 = Release|x64
		{6FC9F503-92BB-4238-82BD-CE5AF0B20141}.Release|x86.ActiveCfg = Release|Win32
		{6FC9F503-92BB-4238-82BD-CE5AF0B20141}.Release|x86.Build.0 = Release|Win32
		{A3F33466-DABE-4DB9-A3B6-C6CC113452F0}.Debug|x64.ActiveCfg = Debug|x64
		{A3F33466-DABE-4DB9-A3B6-C6CC113452F0}.Debug|x64.Build.0 = Debug|x64
		{A3F33466-DABE-4DB9-A3B6-C6CC113452F0}.Debug|x86.ActiveCfg = Debug|Win32
		{A3F33466-DABE-4DB9-A3B6-C6CC113452F0}.Debug|x86.Build.0 = Debug|Win32
		{A3F33466-DABE-4DB9-A3B6-C6CC113452F0}.Release|x64.ActiveCfg = Release|x64
		{A3F33466-DABE-4DB9-A3B6-C6CC113452F0}.Release|x64.Build.0 = Release|x64
		{A3F33466-DABE-4DB9-A3B6-C6CC113452F0}.Release|x86.ActiveCfg = Release|Win32
		{A3F33466-DABE-4DB9-A3B6-C6CC113452F0}.Release|x86.Build.0 = Release|Win32
		{83582676-E17F-43DE-A743-D3642F6E612B}.Debug|x64.ActiveCfg = Debug|x64
		{83582676-E17F-43DE-A743-D3642F6E612B}.Debug|x64.Build.0 = Debug|x64
		{83582676-E17F-43DE-A743-D3642F6E612B}.Debug|x86.ActiveCfg = Debug|Win32
		{83582676-E17F-43DE-A743-D3642F6E612B}.Debug|x86.Build.0 = Debug|Win32
		{83582676-E17F-43DE-A743-D3642F6E612B}.Release|x64.ActiveCfg = Release|x64
		{83582676-E17F-43DE-A743-D3642F6E612B}.Release|x64.Build.0 = Release|x64
		{83582676-E17F-43DE-A743-D3642F6E612B}.Release|x86.ActiveCfg = Release|Win32
		{83582676-E17F-43DE-A743-D3642F6E612B}.Release|x86.Build.0 = Release|Win32
		{5D02F74D-2196-4BA7-A9C9-35CBDD369FF7}.Debug|x64.ActiveCfg = Debug|x64
		{5D02F74D-2196-4BA7-A9C9-35CBDD369FF7}.Debug|x64.Build.0 = Debug|x64
		{5D02F74D-2196-4BA7-A9C9-35CBDD369FF7}.Debug|x86.ActiveCfg = Debug|Win32
		{5D02F74D-2196-4BA7-A9C9-35CBDD369FF7}.Debug|x86.Build.0 = Debug|Win32
		{5D02F74D-2196-4BA7-A9C9-35CBDD369FF7}.Release|x64.ActiveCfg = Release|x64
		{5D02F74D-2196-4BA7-A9C9-35CBDD369FF7}.Release|x64.Build.0 = Release|x64
		{5D02F74D-2196-4BA7-A9C9-35CBDD369FF7}.Release|x86.ActiveCfg = Release|Win32
		{5D02F74D-2196-4BA7-A9C9-35CBDD369FF7}.Release|x86.Build.0 = Release|Win32
		{940AE573-D7ED-4A5F-9181-0E0CAC51B866}.Debug|x64.ActiveCfg = Debug|x64
		{940AE573-D7ED-4A5F-9181-0E0CAC51B866}.Debug|x64.Build.0 = Debug|x64
		{940AE573-D7ED-4A5F-9181-0E0CAC51B866}.Debug|x86.ActiveCfg = Debug|Win32
		{940AE573-D7ED-4A5F-9181-0E0CAC51B866}.Debug|x86.Build.0 = Debug|Win32
		{940AE573-D7ED-4A5F-9181-0E0CAC51B866}.Release|x64.ActiveCfg = Release|x64
		{940AE573-D7ED-4A5F-9181-0E0CAC51B866}.Release|x64.Build.0 = Release|x64
		{940AE573-D7ED-4A5F-9181-0E0CAC51B866}.Release|x86.ActiveCfg = Release|Win32
		{940AE573-D7ED-4A5F-9181-0E0CAC51B866}.Release|x86.Build.0 = Release|Win32
		{8422638C-5766-4692-B6F1-F8E77C53F872}.Debug|x64.ActiveCfg = Debug|x64
		{8422638C-5766-4692-B6F1-F8E77C53F872}.Debug|x64.Build.0 = Debug|x64
		{8422638C-5766-4692-B6F1-F8E77C53F872}.Debug|x86.ActiveCfg = Debug|Win32
		{8422638C-5766-4692-B6F1-F8E77C53F872}.Debug|x86.Build.0 = Debug|Win32
		{8422638C-5766-4692-B6F1-F8E77C53F872}.Release|x64.ActiveCfg = Release|x64
		{8422638C-5766-4692-B6F1-F8E77C53F872}.Release|x64.Build.0 = Release|x64
		{8422638C-5766-4692-B6F1-F8E77C53F872}.Release|x86.ActiveCfg = Release|Win32
		{8422638C-5766-4692-B6F1-F8E77C53F872}.Release|x86.Build.0 = Release|Win32
		{5BEDF0B7-A4BC-446D-92AC-823EAB582F08}.Debug|x64.ActiveCfg = Debug|x64
		{5BEDF0B7-A4BC-446D-92AC-823EAB582F08}.Debug|x64.Build.0 = Debug|x64
		{5BEDF0B7-A4BC-446D-92AC-823EAB582F08}.Debug|x86.ActiveCfg = Debug|Win32
		{5BEDF0B7-A4BC-446D-92AC-823EAB582F08}.Debug|x86.Build.0 = Debug|Win32
		{5BEDF0B7-A4BC-446D-92AC-823EAB582F08}.Release|x64.ActiveCfg = Release|x64
		{5BEDF0B7-A4BC-446D-92AC-823EAB582F08}.Release|x64.Build.0 = Release|x64
		{5BEDF0B7-A4BC-446D-92AC-823EAB582F08}.Release|x86.ActiveCfg = Release|Win32
		{5BEDF0B7-A4BC-446D-92AC-823EAB582F08}.Release|x86.Build.0 = Release|Win32
		{4BFBB0DB-B2CB-427F-AE32-E6621545FA2B}.Debug|x64.ActiveCfg = Debug|x64
		{4BFBB0DB-B2CB-427F-AE32-E6621545FA2B}.Debug|x64.Build.0 = Debug|x64
		{4BFBB0DB-B2CB-427F-AE32-E6621545FA2B}.Debug|x86.ActiveCfg = Debug|Win32
		{4BFBB0DB-B2CB-427F-AE32-E6621545FA2B}.Debug|x86.Build.0 = Debug|Win32
		{4BFBB0DB-B2CB-427F-AE32-E6621545FA2B}.Release|x64.ActiveCfg = Release|x64
		{4BFBB0DB-B2CB-427F-AE32-E6621545FA2B}.Release|x64.Build.0 = Release|x64
		{4BFBB0DB-B2CB-427F-AE32-E6621545FA2B}.Release|x86.ActiveCfg = Release|Win32
		{4BFBB0DB-B2CB-427F-AE32-E6621545FA2B}.Release|x86.Build.0 = Release|Win32
		{AA6275FF-9836-40CD-B47F-D2DAA231C204}.Debug|x64.ActiveCfg = Debug|x64
		{AA6275FF-9836-40CD-B47F-D2DAA231C204}.Debug|x64.Build.0 = Debug|x64
		{AA6275FF-9836-40CD-B47F-D2DAA231C204}.Debug|x86.ActiveCfg = Debug|Win32
		{AA6275FF-9836-40CD-B47F-D2DAA231C204}.Debug|x86.Build.0 = Debug|Win32
		{AA6275FF-9836-40CD-B47F-D2DAA231C204}.Release|x64.ActiveCfg = Release|x64
		{AA6275FF-9836-40CD-B47F-D2DAA231C204}.Release|x64.Build.0 = Release|x64
		{AA6275FF-9836-40CD-B47F-D2DAA231C204}.Release|x86.ActiveCfg = Release|Win32
		{AA6275FF-9836-40CD-B47F-D2DAA231C204}.Release|x86.Build.0 = Release|Win32
		{FD7C2F69-FF36-42E9-AD23-278F447830D5}.Debug|x64.ActiveCfg = Debug|x64
		{FD7C2F69-FF36-42E9-AD23-278F447830D5}.Debug|x64.Build.0 = Debug|x64
		{FD7C2F69-FF36-42E9-AD23-278F447830D5}.Debug|x86.ActiveCfg = Debug|Win32
		{FD7C2F69-FF36-42E9-AD23-278F447830D5}.Debug|x86.Build.0 = Debug|Win32
		{FD7C2F69-FF36-42E9-AD23-278F447830D5}.Release|x64.ActiveCfg = Release|x64
		{FD7C2F69-FF36-42E9-AD23-278F447830D5}.Release|x64.Build.0 = Release|x64
		{FD7C2F69-FF36-42E9-AD23-278F447830D5}.Release|x86.ActiveCfg = Release|Win32
		{FD7C2F69-FF36-42E9-AD23-278F447830D5}.Release|x86.Build.0 = Release|Win32
		{FDEFB2A6-5440-4C8F-A22B-8D2769D22EAC}.Debug|x64.ActiveCfg = Debug|x64
		{FDEFB2A6-5440-4C8F-A22B-8D2769D22EAC}.Debug|x64.Build.0 = Debug|x64
		{FDEFB2A6-5440-4C8F-A22B-8D2769D22EAC}.Debug|x86.ActiveCfg = Debug|Win32
		{FDEFB2A6-5440-4C8F-A22B-8D2769D22EAC}.Debug|x86.Build.0 = Debug|Win32
		{FDEFB2A6-5440-4C8F-A22B-8D2769D22EAC}.Release|x64.ActiveCfg = Release|x64
		{FDEFB2A6-5440-4C8F-A22B-8D2769D22EAC}.Release|x64.Build.0 = Release|x64
		{FDEFB2A6-5440-4C8F-A22B-8D2769D22EAC}.Release|x86.ActiveCfg = Release|Win32
		{FDEFB2A6-5440-4C8F-A22B-8D2769D22EAC}.Release|x86.Build.0 = Release|Win32
		{14AA5A78-B608-4093-8B9B-46D02E490062}.Debug|x64.ActiveCfg = Debug|x64
		{14AA5A78-B608-4093-8B9B-46D02E490062}.Debug|x64.Build.0 = Debug|x64
		{14AA5A78-B608-4093-8B9B-46D02E490062}.Debug|x86.ActiveCfg = Debug|Win32
		{14AA5A78-B608-4093-8B9B-46D02E490062}.Debug|x86.Build.0 = Debug|Win32
		{14AA5A78-B608-4093-8B9B-46D02E490062}.Release|x64.ActiveCfg = Release|x64
		{14AA5A78-B608-4093-8B9B-46D02E490062}.Release|x64.Build.0 = Release|x64
		{14AA5A78-B608-4093-8B9B-46D02E490062}.Release|x86.ActiveCfg = Release|Win32
		{14AA5A78-B608-4093-8B9B-46D02E490062}.Release|x86.Build.0 = Release|Win32
		{D3687ED3-ED95-4065-98A0-95CA9D4B63A8}.Debug|x64.ActiveCfg = Debug|x64
		{D3687ED3-ED95-4065-98A0-95CA9D4B63A8}.Debug|x64.Build.0 = Debug|x64
		{D3687ED3-ED95-4065-98A0-95CA9D4B63A8}.Debug|x86.ActiveCfg = Debug|Win32
		{D3687ED3-ED95-4065-98A0-95CA9D4B63A8}.Debug|x86.Build.0 = Debug|Win32
		{D3687ED3-ED95-4065-98A0-95CA9D4B63A8}.Release|x64.ActiveCfg = Release|x64
		{D3687ED3-ED95-4065-98A0-95CA9D4B63A8}.Release|x64.Build.0 = Release|x64
		{D3687ED3-ED95-4065-98A0-95CA9D4B63A8}.Release|x86.ActiveCfg = Release|Win32
		{D3687ED3-ED95-4065-98A0-95CA9D4B63A8}.Release|x86.Build.0 = Release|Win32
		{649CBA11-CB3C-4349-AF0F-7C5ED7006A5C}.Debug|x64.ActiveCfg = Debug|x64
		{649CBA11-CB3C-4349-AF0F-7C5ED7006A5C}.Debug|x64.Build.0 = Debug|x64
		{649CBA11-CB3C-4349-AF0F-7C5ED7006A5C}.Debug|x86.ActiveCfg = Debug|Win32
		{649CBA11-CB3C-4349-AF0F-7C5ED7006A5C}.Debug|x86.Build.0 = Debug|Win32
		{649CBA11-CB3C-4349-AF0F-7C5ED7006A5C}.Release|x64.ActiveCfg = Release|x64
		{649CBA11-CB3C-4349-AF0F-7C5ED7006A5C}.Release|x64.Build.0 = Release|x64
		{649CBA11-CB3C-4349-AF0F-7C5ED7006A5C}.Release|x86.ActiveCfg = Release|Win32
		{649CBA11-CB3C-4349-AF0F-7C5ED7006A5C}.Release|x86.Build.0 = Release|Win32
		{F888E6F8-EA3D-4DF4-802D-832B42774EB3}.Debug|x64.ActiveCfg = Debug|x64
		{F888E6F8-EA3D-4DF4-802D-832B42774EB3}.Debug|x64.Build.0 = Debug|x64
		{F888E6F8-EA3D-4DF4-802D-832B42774EB3}.Debug|x86.ActiveCfg = Debug|Win32
		{F888E6F8-EA3D-4DF4-802D-832B42774EB3}.Debug|x86.Build.0 = Debug|Win32
		{F888E6F8-EA3D-4DF4-802D-832B42774EB3}.Release|x64.ActiveCfg = Release|x64
		{F888E6F8-EA3D-4DF4-802D-832B42774EB3}.Release|x64.Build.0 = Release|x64
		{F888E6F8-EA3D-4DF4-802D-832B42774EB3}.Release|x86.ActiveCfg = Release|Win32
		{F888E6F8-EA3D-4DF4-802D-832B42774EB3}.Release|x86.Build.0 = Release|Win32
		{DFCEBE5B-8D06-4AC5-B573-C017CA8DDFE8}.Debug|x64.ActiveCfg = Debug|x64
		{DFCEBE5B-8D06-4AC5-B573-C017CA8DDFE8}.Debug|x64.Build.0 = Debug|x64
		{DFCEBE5B-8D06-4AC5-B573-C017CA8DDFE8}.Debug|x86.ActiveCfg = Debug|Win32
		{DFCEBE5B-8D06-4AC5-B573-C017CA8DDFE8}.Debug|x86.Build.0 = Debug|Win32
		{DFCEBE5B-8D06-4AC5-B573-C017CA8DDFE8}.Release|x64.ActiveCfg = Release|x64
		{DFCEBE5B-8D06-4AC5-B573-C017CA8DDFE8}.Release|x64.Build.0 = Release|x64
		{DFCEBE5B-8D06-4AC5-B573-C017CA8DDFE8}.Release|x86.ActiveCfg = Release|Win32
		{DFCEBE5B-8D06-4AC5-B573-C017CA8DDFE8}.Release|x86.Build.0 = Release|Win32
		{14C1B4F9-BF32-4EDF-A9B4-52FE7EF79715}.Debug|x64.ActiveCfg = Debug|x64
		{14C1B4F9-BF32-4EDF-A9B4-52FE7EF79715}.Debug|x64.Build.0 = Debug|x64
		{14C1B4F9-BF32-4EDF-A9B4-52FE7EF79715}.Debug|x86.ActiveCfg = Debug|Win32
		{14C1B4F9-BF32-4EDF-A9B4-52FE7EF79715}.Debug|x86.Build.0 = Debug|Win32
		{14C1B4F9-BF32-4EDF-A9B4-52FE7EF79715}.Release|x64.ActiveCfg = Release|x64
		{14C1B4F9-BF32-4EDF-A9B4-52FE7EF79715}.Release|x64.Build.0 = Release|x64
		{14C1B4F9-BF32-4EDF-A9B4-52FE7EF79715}.Release|x86.ActiveCfg = Release|Win32
		{14C1B4F9-BF32-4EDF-A9B4-52FE7EF79715}.Release|x86.Build.0 = Release|Win32
		{42D59562-F753-47BC-89DA-C90996403A89}.Debug|x64.ActiveCfg = Debug|x64
		{42D59562-F753-47BC-89DA-C90996403A89}.Debug|x64.Build.0 = Debug|x64
		{42D59562-F753-47BC-89DA-C90996403A89}.Debug|x86.ActiveCfg = Debug|Win32
		{42D59562-F753-47BC-89DA-C90996403A89}.Debug|x86.Build.0 = Debug|Win32
		{42D59562-F753-47BC-89DA-C90996403A89}.Release|x64.ActiveCfg = Release|x64
		{42D59562-F753-47BC-89DA-C90996403A89}.Release|x64.Build.0 = Release|x64
		{42D59562-F753-47BC-89DA-C90996403A89}.Release|x86.ActiveCfg = Release|Win32
		{42D59562-F753-47BC-89DA-C90996403A89}.Release|x86.Build.0 = Release|Win32
		{6D0F70F1-C2F2-4ECA-A5EF-06E9D84946B1}.Debug|x64.ActiveCfg = Debug|x64
		{6D0F70F1-C2F2-4ECA-A5EF-06E9D84946B1}.Debug|x64.Build.0 = Debug|x64
		{6D0F70F1-C2F2-4ECA-A5EF-06E9D84946B1}.Debug|x86.ActiveCfg = Debug|Win32
		{6D0F70F1-C2F2-4ECA-A5EF-06E9D84946B1}.Debug|x86.Build.0 = Debug|Win32
		{6D0F70F1-C2F2-4ECA-A5EF-06E9D84946B1}.Release|x64.ActiveCfg = Release|x64
		{6D0F70F1-C2F2-4ECA-A5EF-06E9D84946B1}.Release|x64.Build.0 = Release|x64
		{6D0F70F1-C2F2-4ECA-A5EF-06E9D84946B1}.Release|x86.ActiveCfg = Release|Win32
		{6D0F70F1-C2F2-4ECA-A5EF-06E9D84946B1}.Release|x86.Build.0 = Release|Win32
		{7A7DC1F6-5C5A-476D-BA55-3ACF748A5092}.Debug|x64.ActiveCfg = Debug|x64
		{7A7DC1F6-5C5A-476D-BA55-3ACF748A5092}.Debug|x64.Build.0 = Debug|x64
		{7A7DC1F6-5C5A-476D-BA55-3ACF748A5092}.Debug|x86.ActiveCfg = Debug|Win32
		{7A7DC1F6-5C5A-476D-BA55-3ACF748A5092}.Debug|x86.Build.0 = Debug|Win32
		{7A7DC1F6-5C5A-476D-BA55-3ACF748A5092}.Release|x64.ActiveCfg = Release|x64
		{7A7DC1F6-5C5A-476D-BA55-3ACF748A5092}.Release|x64.Build.0 = Release|x64
		{7A7DC1F6-5C5A-476D-BA55-3ACF748A5092}.Release|x86.ActiveCfg = Release|Win32
		{7A7DC1F6-5C5A-476D-BA55-3ACF748A5092}.Release|x86.Build.0 = Release|Win32
		{0187E689-2300-4857-8EE7-4FFE4A247F80}.Debug|x64.ActiveCfg = Debug|x64
		{0187E689-2300-4857-8EE7-4FFE4A247F80}.Debug|x64.Build.0 = Debug|x64
		{0187E689-2300-4857-8EE7-4FFE4A247F80}.Debug|x86.ActiveCfg = Debug|Win32
		{0187E689-2300-4857-8EE7-4FFE4A247F80}.Debug|x86.Build.0 = Debug|Win32
		{0187E689-2300-4857-8EE7-4FFE4A247F80}.Release|x64.ActiveCfg = Release|x64
		{0187E689-2300-4857-8EE7-4FFE4A247F80}.Release|x64.Build.0 = Release|x64
		{0187E689-2300-4857-8EE7-4FFE4A247F80}.Release|x86.ActiveCfg = Release|Win32
		{0187E689-2300-4857-8EE7-4FFE4A247F80}.Release|x86.Build.0 = Release|Win32
	EndGlobalSection
	GlobalSection(SolutionProperties) = preSolution
		HideSolutionNode = FALSE
	EndGlobalSection
	GlobalSection(ExtensibilityGlobals) = postSolution
		SolutionGuid = {7201E732-96CF-4CF4-B8A2-5B13EB18D79D}
	EndGlobalSection
EndGlobal
